// !$*UTF8*$!
{
	archiveVersion = 1;
	classes = {
	};
	objectVersion = 46;
	objects = {

/* Begin PBXBuildFile section */
		890AD55416BC176A00FE69E3 /* CoreData.framework in Frameworks */ = {isa = PBXBuildFile; fileRef = 890AD55316BC176A00FE69E3 /* CoreData.framework */; };
		89436D4F16CA965E004563E4 /* UIKit.framework in Frameworks */ = {isa = PBXBuildFile; fileRef = 89436D4E16CA965E004563E4 /* UIKit.framework */; };
		8946228916E7DB080040E6EF /* XMLReader.m in Sources */ = {isa = PBXBuildFile; fileRef = 8946228616E7DB080040E6EF /* XMLReader.m */; };
		8946228A16E7DB080040E6EF /* XMLToDict.m in Sources */ = {isa = PBXBuildFile; fileRef = 8946228816E7DB080040E6EF /* XMLToDict.m */; };
		8946228F16E7DBEB0040E6EF /* DictToJSON.m in Sources */ = {isa = PBXBuildFile; fileRef = 8946228C16E7DBEB0040E6EF /* DictToJSON.m */; };
		8946229016E7DBEB0040E6EF /* JSONToDict.m in Sources */ = {isa = PBXBuildFile; fileRef = 8946228E16E7DBEB0040E6EF /* JSONToDict.m */; };
		894622A216E7DDF70040E6EF /* FHIRResourceDictionary.m in Sources */ = {isa = PBXBuildFile; fileRef = 8946229D16E7DDF70040E6EF /* FHIRResourceDictionary.m */; };
		894622A316E7DDF70040E6EF /* Resource.m in Sources */ = {isa = PBXBuildFile; fileRef = 8946229F16E7DDF70040E6EF /* Resource.m */; };
		894622A416E7DDF70040E6EF /* ResourceReference.m in Sources */ = {isa = PBXBuildFile; fileRef = 894622A116E7DDF70040E6EF /* ResourceReference.m */; };
		894622A916E7DFFF0040E6EF /* Animal.m in Sources */ = {isa = PBXBuildFile; fileRef = 894622A616E7DFFF0040E6EF /* Animal.m */; };
		894622AA16E7DFFF0040E6EF /* Patient.m in Sources */ = {isa = PBXBuildFile; fileRef = 894622A816E7DFFF0040E6EF /* Patient.m */; };
		894622AF16E7E0510040E6EF /* Demographics.m in Sources */ = {isa = PBXBuildFile; fileRef = 894622AE16E7E0510040E6EF /* Demographics.m */; };
		894622B916E7E22A0040E6EF /* Address.m in Sources */ = {isa = PBXBuildFile; fileRef = 894622B216E7E22A0040E6EF /* Address.m */; };
		894622BA16E7E22A0040E6EF /* CodeableConcept.m in Sources */ = {isa = PBXBuildFile; fileRef = 894622B416E7E22A0040E6EF /* CodeableConcept.m */; };
		894622BB16E7E22A0040E6EF /* Contact.m in Sources */ = {isa = PBXBuildFile; fileRef = 894622B616E7E22A0040E6EF /* Contact.m */; };
		894622BC16E7E22A0040E6EF /* HumanName.m in Sources */ = {isa = PBXBuildFile; fileRef = 894622B816E7E22A0040E6EF /* HumanName.m */; };
		894622CB16E7E5980040E6EF /* HumanId.m in Sources */ = {isa = PBXBuildFile; fileRef = 894622C416E7E5980040E6EF /* HumanId.m */; };
		894622CC16E7E5980040E6EF /* Identifier.m in Sources */ = {isa = PBXBuildFile; fileRef = 894622C616E7E5980040E6EF /* Identifier.m */; };
		894622CD16E7E5980040E6EF /* Image.m in Sources */ = {isa = PBXBuildFile; fileRef = 894622C816E7E5980040E6EF /* Image.m */; };
		894622CE16E7E5980040E6EF /* Language.m in Sources */ = {isa = PBXBuildFile; fileRef = 894622CA16E7E5980040E6EF /* Language.m */; };
		894622D716E7E5B60040E6EF /* Coding.m in Sources */ = {isa = PBXBuildFile; fileRef = 894622D016E7E5B60040E6EF /* Coding.m */; };
		894622D816E7E5B60040E6EF /* NodeType.m in Sources */ = {isa = PBXBuildFile; fileRef = 894622D216E7E5B60040E6EF /* NodeType.m */; };
		894622D916E7E5B60040E6EF /* Period.m in Sources */ = {isa = PBXBuildFile; fileRef = 894622D416E7E5B60040E6EF /* Period.m */; };
		894622DA16E7E5B60040E6EF /* XhtmlNode.m in Sources */ = {isa = PBXBuildFile; fileRef = 894622D616E7E5B60040E6EF /* XhtmlNode.m */; };
		894622E916E7E6020040E6EF /* Bool.m in Sources */ = {isa = PBXBuildFile; fileRef = 894622DE16E7E6020040E6EF /* Bool.m */; };
		894622EA16E7E6020040E6EF /* Code.m in Sources */ = {isa = PBXBuildFile; fileRef = 894622E016E7E6020040E6EF /* Code.m */; };
		894622EB16E7E6020040E6EF /* Element.m in Sources */ = {isa = PBXBuildFile; fileRef = 894622E216E7E6020040E6EF /* Element.m */; };
		894622EC16E7E6020040E6EF /* String.m in Sources */ = {isa = PBXBuildFile; fileRef = 894622E416E7E6020040E6EF /* String.m */; };
		894622ED16E7E6020040E6EF /* Type.m in Sources */ = {isa = PBXBuildFile; fileRef = 894622E616E7E6020040E6EF /* Type.m */; };
		894622EE16E7E6020040E6EF /* Uri.m in Sources */ = {isa = PBXBuildFile; fileRef = 894622E816E7E6020040E6EF /* Uri.m */; };
		894622F616E7E6170040E6EF /* Base64Binary.m in Sources */ = {isa = PBXBuildFile; fileRef = 894622F116E7E6170040E6EF /* Base64Binary.m */; };
		894622F716E7E6170040E6EF /* Base64Decoder.m in Sources */ = {isa = PBXBuildFile; fileRef = 894622F316E7E6170040E6EF /* Base64Decoder.m */; };
		894622F816E7E6170040E6EF /* Base64Encoder.m in Sources */ = {isa = PBXBuildFile; fileRef = 894622F516E7E6170040E6EF /* Base64Encoder.m */; };
		894622FE16E7E63C0040E6EF /* Extension.m in Sources */ = {isa = PBXBuildFile; fileRef = 894622FB16E7E63C0040E6EF /* Extension.m */; };
		894622FF16E7E63C0040E6EF /* Narrative.m in Sources */ = {isa = PBXBuildFile; fileRef = 894622FD16E7E63C0040E6EF /* Narrative.m */; };
		897CF6C116F0EE0200442A03 /* Text.m in Sources */ = {isa = PBXBuildFile; fileRef = 897CF6C016F0EE0200442A03 /* Text.m */; };
		8993D7EB16B1D88400D0AFB4 /* Foundation.framework in Frameworks */ = {isa = PBXBuildFile; fileRef = 8993D7EA16B1D88400D0AFB4 /* Foundation.framework */; };
		8993D7FA16B1D88500D0AFB4 /* SenTestingKit.framework in Frameworks */ = {isa = PBXBuildFile; fileRef = 8993D7F916B1D88500D0AFB4 /* SenTestingKit.framework */; };
		8993D7FD16B1D88500D0AFB4 /* Foundation.framework in Frameworks */ = {isa = PBXBuildFile; fileRef = 8993D7EA16B1D88400D0AFB4 /* Foundation.framework */; };
		8993D80016B1D88500D0AFB4 /* libFHIR.a in Frameworks */ = {isa = PBXBuildFile; fileRef = 8993D7E716B1D88400D0AFB4 /* libFHIR.a */; };
		8993D80616B1D88500D0AFB4 /* InfoPlist.strings in Resources */ = {isa = PBXBuildFile; fileRef = 8993D80416B1D88500D0AFB4 /* InfoPlist.strings */; };
		8993D80916B1D88500D0AFB4 /* FHIRTests.m in Sources */ = {isa = PBXBuildFile; fileRef = 8993D80816B1D88500D0AFB4 /* FHIRTests.m */; };
		89E00D1316F7449300ED3F5E /* ExistanceChecker.m in Sources */ = {isa = PBXBuildFile; fileRef = 89E00D1216F7449300ED3F5E /* ExistanceChecker.m */; };
		89F9145816EE28E00024DF3E /* DictToXML.m in Sources */ = {isa = PBXBuildFile; fileRef = 89F9145716EE28E00024DF3E /* DictToXML.m */; };
/* End PBXBuildFile section */

/* Begin PBXContainerItemProxy section */
		8993D7FE16B1D88500D0AFB4 /* PBXContainerItemProxy */ = {
			isa = PBXContainerItemProxy;
			containerPortal = 8993D7DE16B1D88400D0AFB4 /* Project object */;
			proxyType = 1;
			remoteGlobalIDString = 8993D7E616B1D88400D0AFB4;
			remoteInfo = FHIR;
		};
/* End PBXContainerItemProxy section */

/* Begin PBXCopyFilesBuildPhase section */
		8993D7E516B1D88400D0AFB4 /* CopyFiles */ = {
			isa = PBXCopyFilesBuildPhase;
			buildActionMask = 2147483647;
			dstPath = "include/${PRODUCT_NAME}";
			dstSubfolderSpec = 16;
			files = (
			);
			runOnlyForDeploymentPostprocessing = 0;
		};
/* End PBXCopyFilesBuildPhase section */

/* Begin PBXFileReference section */
		890AD55316BC176A00FE69E3 /* CoreData.framework */ = {isa = PBXFileReference; lastKnownFileType = wrapper.framework; name = CoreData.framework; path = System/Library/Frameworks/CoreData.framework; sourceTree = SDKROOT; };
		89436D4E16CA965E004563E4 /* UIKit.framework */ = {isa = PBXFileReference; lastKnownFileType = wrapper.framework; name = UIKit.framework; path = System/Library/Frameworks/UIKit.framework; sourceTree = SDKROOT; };
		8946228516E7DB080040E6EF /* XMLReader.h */ = {isa = PBXFileReference; fileEncoding = 4; lastKnownFileType = sourcecode.c.h; name = XMLReader.h; path = XML/XMLReader.h; sourceTree = SOURCE_ROOT; };
		8946228616E7DB080040E6EF /* XMLReader.m */ = {isa = PBXFileReference; fileEncoding = 4; lastKnownFileType = sourcecode.c.objc; name = XMLReader.m; path = XML/XMLReader.m; sourceTree = SOURCE_ROOT; };
		8946228716E7DB080040E6EF /* XMLToDict.h */ = {isa = PBXFileReference; fileEncoding = 4; lastKnownFileType = sourcecode.c.h; name = XMLToDict.h; path = XML/XMLToDict.h; sourceTree = SOURCE_ROOT; };
		8946228816E7DB080040E6EF /* XMLToDict.m */ = {isa = PBXFileReference; fileEncoding = 4; lastKnownFileType = sourcecode.c.objc; name = XMLToDict.m; path = XML/XMLToDict.m; sourceTree = SOURCE_ROOT; };
		8946228B16E7DBEB0040E6EF /* DictToJSON.h */ = {isa = PBXFileReference; fileEncoding = 4; lastKnownFileType = sourcecode.c.h; name = DictToJSON.h; path = JSON/DictToJSON.h; sourceTree = SOURCE_ROOT; };
		8946228C16E7DBEB0040E6EF /* DictToJSON.m */ = {isa = PBXFileReference; fileEncoding = 4; lastKnownFileType = sourcecode.c.objc; name = DictToJSON.m; path = JSON/DictToJSON.m; sourceTree = SOURCE_ROOT; };
		8946228D16E7DBEB0040E6EF /* JSONToDict.h */ = {isa = PBXFileReference; fileEncoding = 4; lastKnownFileType = sourcecode.c.h; name = JSONToDict.h; path = JSON/JSONToDict.h; sourceTree = SOURCE_ROOT; };
		8946228E16E7DBEB0040E6EF /* JSONToDict.m */ = {isa = PBXFileReference; fileEncoding = 4; lastKnownFileType = sourcecode.c.objc; name = JSONToDict.m; path = JSON/JSONToDict.m; sourceTree = SOURCE_ROOT; };
		8946229C16E7DDF70040E6EF /* FHIRResourceDictionary.h */ = {isa = PBXFileReference; fileEncoding = 4; lastKnownFileType = sourcecode.c.h; name = FHIRResourceDictionary.h; path = "Resource Files/FHIRResourceDictionary.h"; sourceTree = SOURCE_ROOT; };
		8946229D16E7DDF70040E6EF /* FHIRResourceDictionary.m */ = {isa = PBXFileReference; fileEncoding = 4; lastKnownFileType = sourcecode.c.objc; name = FHIRResourceDictionary.m; path = "Resource Files/FHIRResourceDictionary.m"; sourceTree = SOURCE_ROOT; };
		8946229E16E7DDF70040E6EF /* Resource.h */ = {isa = PBXFileReference; fileEncoding = 4; lastKnownFileType = sourcecode.c.h; name = Resource.h; path = "Resource Files/Resource.h"; sourceTree = SOURCE_ROOT; };
		8946229F16E7DDF70040E6EF /* Resource.m */ = {isa = PBXFileReference; fileEncoding = 4; lastKnownFileType = sourcecode.c.objc; name = Resource.m; path = "Resource Files/Resource.m"; sourceTree = SOURCE_ROOT; };
		894622A016E7DDF70040E6EF /* ResourceReference.h */ = {isa = PBXFileReference; fileEncoding = 4; lastKnownFileType = sourcecode.c.h; name = ResourceReference.h; path = "Resource Files/ResourceReference.h"; sourceTree = SOURCE_ROOT; };
		894622A116E7DDF70040E6EF /* ResourceReference.m */ = {isa = PBXFileReference; fileEncoding = 4; lastKnownFileType = sourcecode.c.objc; name = ResourceReference.m; path = "Resource Files/ResourceReference.m"; sourceTree = SOURCE_ROOT; };
		894622A516E7DFFF0040E6EF /* Animal.h */ = {isa = PBXFileReference; fileEncoding = 4; lastKnownFileType = sourcecode.c.h; name = Animal.h; path = Classes/Animal.h; sourceTree = SOURCE_ROOT; };
		894622A616E7DFFF0040E6EF /* Animal.m */ = {isa = PBXFileReference; fileEncoding = 4; lastKnownFileType = sourcecode.c.objc; name = Animal.m; path = Classes/Animal.m; sourceTree = SOURCE_ROOT; };
		894622A716E7DFFF0040E6EF /* Patient.h */ = {isa = PBXFileReference; fileEncoding = 4; lastKnownFileType = sourcecode.c.h; name = Patient.h; path = Classes/Patient.h; sourceTree = SOURCE_ROOT; };
		894622A816E7DFFF0040E6EF /* Patient.m */ = {isa = PBXFileReference; fileEncoding = 4; lastKnownFileType = sourcecode.c.objc; name = Patient.m; path = Classes/Patient.m; sourceTree = SOURCE_ROOT; };
		894622AD16E7E0510040E6EF /* Demographics.h */ = {isa = PBXFileReference; fileEncoding = 4; lastKnownFileType = sourcecode.c.h; name = Demographics.h; path = Subclasses/Demographics.h; sourceTree = SOURCE_ROOT; };
		894622AE16E7E0510040E6EF /* Demographics.m */ = {isa = PBXFileReference; fileEncoding = 4; lastKnownFileType = sourcecode.c.objc; name = Demographics.m; path = Subclasses/Demographics.m; sourceTree = SOURCE_ROOT; };
		894622B116E7E22A0040E6EF /* Address.h */ = {isa = PBXFileReference; fileEncoding = 4; lastKnownFileType = sourcecode.c.h; name = Address.h; path = "Data Types/Address.h"; sourceTree = SOURCE_ROOT; };
		894622B216E7E22A0040E6EF /* Address.m */ = {isa = PBXFileReference; fileEncoding = 4; lastKnownFileType = sourcecode.c.objc; name = Address.m; path = "Data Types/Address.m"; sourceTree = SOURCE_ROOT; };
		894622B316E7E22A0040E6EF /* CodeableConcept.h */ = {isa = PBXFileReference; fileEncoding = 4; lastKnownFileType = sourcecode.c.h; name = CodeableConcept.h; path = "Data Types/CodeableConcept.h"; sourceTree = SOURCE_ROOT; };
		894622B416E7E22A0040E6EF /* CodeableConcept.m */ = {isa = PBXFileReference; fileEncoding = 4; lastKnownFileType = sourcecode.c.objc; name = CodeableConcept.m; path = "Data Types/CodeableConcept.m"; sourceTree = SOURCE_ROOT; };
		894622B516E7E22A0040E6EF /* Contact.h */ = {isa = PBXFileReference; fileEncoding = 4; lastKnownFileType = sourcecode.c.h; name = Contact.h; path = "Data Types/Contact.h"; sourceTree = SOURCE_ROOT; };
		894622B616E7E22A0040E6EF /* Contact.m */ = {isa = PBXFileReference; fileEncoding = 4; lastKnownFileType = sourcecode.c.objc; name = Contact.m; path = "Data Types/Contact.m"; sourceTree = SOURCE_ROOT; };
		894622B716E7E22A0040E6EF /* HumanName.h */ = {isa = PBXFileReference; fileEncoding = 4; lastKnownFileType = sourcecode.c.h; name = HumanName.h; path = "Data Types/HumanName.h"; sourceTree = SOURCE_ROOT; };
		894622B816E7E22A0040E6EF /* HumanName.m */ = {isa = PBXFileReference; fileEncoding = 4; lastKnownFileType = sourcecode.c.objc; name = HumanName.m; path = "Data Types/HumanName.m"; sourceTree = SOURCE_ROOT; };
		894622C316E7E5980040E6EF /* HumanId.h */ = {isa = PBXFileReference; fileEncoding = 4; lastKnownFileType = sourcecode.c.h; name = HumanId.h; path = Subclasses/HumanId.h; sourceTree = SOURCE_ROOT; };
		894622C416E7E5980040E6EF /* HumanId.m */ = {isa = PBXFileReference; fileEncoding = 4; lastKnownFileType = sourcecode.c.objc; name = HumanId.m; path = Subclasses/HumanId.m; sourceTree = SOURCE_ROOT; };
		894622C516E7E5980040E6EF /* Identifier.h */ = {isa = PBXFileReference; fileEncoding = 4; lastKnownFileType = sourcecode.c.h; name = Identifier.h; path = Subclasses/Identifier.h; sourceTree = SOURCE_ROOT; };
		894622C616E7E5980040E6EF /* Identifier.m */ = {isa = PBXFileReference; fileEncoding = 4; lastKnownFileType = sourcecode.c.objc; name = Identifier.m; path = Subclasses/Identifier.m; sourceTree = SOURCE_ROOT; };
		894622C716E7E5980040E6EF /* Image.h */ = {isa = PBXFileReference; fileEncoding = 4; lastKnownFileType = sourcecode.c.h; name = Image.h; path = Subclasses/Image.h; sourceTree = SOURCE_ROOT; };
		894622C816E7E5980040E6EF /* Image.m */ = {isa = PBXFileReference; fileEncoding = 4; lastKnownFileType = sourcecode.c.objc; name = Image.m; path = Subclasses/Image.m; sourceTree = SOURCE_ROOT; };
		894622C916E7E5980040E6EF /* Language.h */ = {isa = PBXFileReference; fileEncoding = 4; lastKnownFileType = sourcecode.c.h; name = Language.h; path = Subclasses/Language.h; sourceTree = SOURCE_ROOT; };
		894622CA16E7E5980040E6EF /* Language.m */ = {isa = PBXFileReference; fileEncoding = 4; lastKnownFileType = sourcecode.c.objc; name = Language.m; path = Subclasses/Language.m; sourceTree = SOURCE_ROOT; };
		894622CF16E7E5B60040E6EF /* Coding.h */ = {isa = PBXFileReference; fileEncoding = 4; lastKnownFileType = sourcecode.c.h; name = Coding.h; path = "Data Types/Coding.h"; sourceTree = SOURCE_ROOT; };
		894622D016E7E5B60040E6EF /* Coding.m */ = {isa = PBXFileReference; fileEncoding = 4; lastKnownFileType = sourcecode.c.objc; name = Coding.m; path = "Data Types/Coding.m"; sourceTree = SOURCE_ROOT; };
		894622D116E7E5B60040E6EF /* NodeType.h */ = {isa = PBXFileReference; fileEncoding = 4; lastKnownFileType = sourcecode.c.h; name = NodeType.h; path = "Data Types/NodeType.h"; sourceTree = SOURCE_ROOT; };
		894622D216E7E5B60040E6EF /* NodeType.m */ = {isa = PBXFileReference; fileEncoding = 4; lastKnownFileType = sourcecode.c.objc; name = NodeType.m; path = "Data Types/NodeType.m"; sourceTree = SOURCE_ROOT; };
		894622D316E7E5B60040E6EF /* Period.h */ = {isa = PBXFileReference; fileEncoding = 4; lastKnownFileType = sourcecode.c.h; name = Period.h; path = "Data Types/Period.h"; sourceTree = SOURCE_ROOT; };
		894622D416E7E5B60040E6EF /* Period.m */ = {isa = PBXFileReference; fileEncoding = 4; lastKnownFileType = sourcecode.c.objc; name = Period.m; path = "Data Types/Period.m"; sourceTree = SOURCE_ROOT; };
		894622D516E7E5B60040E6EF /* XhtmlNode.h */ = {isa = PBXFileReference; fileEncoding = 4; lastKnownFileType = sourcecode.c.h; name = XhtmlNode.h; path = "Data Types/XhtmlNode.h"; sourceTree = SOURCE_ROOT; };
		894622D616E7E5B60040E6EF /* XhtmlNode.m */ = {isa = PBXFileReference; fileEncoding = 4; lastKnownFileType = sourcecode.c.objc; name = XhtmlNode.m; path = "Data Types/XhtmlNode.m"; sourceTree = SOURCE_ROOT; };
		894622DD16E7E6020040E6EF /* Bool.h */ = {isa = PBXFileReference; fileEncoding = 4; lastKnownFileType = sourcecode.c.h; name = Bool.h; path = "Primative Types/Bool.h"; sourceTree = SOURCE_ROOT; };
		894622DE16E7E6020040E6EF /* Bool.m */ = {isa = PBXFileReference; fileEncoding = 4; lastKnownFileType = sourcecode.c.objc; name = Bool.m; path = "Primative Types/Bool.m"; sourceTree = SOURCE_ROOT; };
		894622DF16E7E6020040E6EF /* Code.h */ = {isa = PBXFileReference; fileEncoding = 4; lastKnownFileType = sourcecode.c.h; name = Code.h; path = "Primative Types/Code.h"; sourceTree = SOURCE_ROOT; };
		894622E016E7E6020040E6EF /* Code.m */ = {isa = PBXFileReference; fileEncoding = 4; lastKnownFileType = sourcecode.c.objc; name = Code.m; path = "Primative Types/Code.m"; sourceTree = SOURCE_ROOT; };
		894622E116E7E6020040E6EF /* Element.h */ = {isa = PBXFileReference; fileEncoding = 4; lastKnownFileType = sourcecode.c.h; name = Element.h; path = "Primative Types/Element.h"; sourceTree = SOURCE_ROOT; };
		894622E216E7E6020040E6EF /* Element.m */ = {isa = PBXFileReference; fileEncoding = 4; lastKnownFileType = sourcecode.c.objc; name = Element.m; path = "Primative Types/Element.m"; sourceTree = SOURCE_ROOT; };
		894622E316E7E6020040E6EF /* String.h */ = {isa = PBXFileReference; fileEncoding = 4; lastKnownFileType = sourcecode.c.h; name = String.h; path = "Primative Types/String.h"; sourceTree = SOURCE_ROOT; };
		894622E416E7E6020040E6EF /* String.m */ = {isa = PBXFileReference; fileEncoding = 4; lastKnownFileType = sourcecode.c.objc; name = String.m; path = "Primative Types/String.m"; sourceTree = SOURCE_ROOT; };
		894622E516E7E6020040E6EF /* Type.h */ = {isa = PBXFileReference; fileEncoding = 4; lastKnownFileType = sourcecode.c.h; name = Type.h; path = "Primative Types/Type.h"; sourceTree = SOURCE_ROOT; };
		894622E616E7E6020040E6EF /* Type.m */ = {isa = PBXFileReference; fileEncoding = 4; lastKnownFileType = sourcecode.c.objc; name = Type.m; path = "Primative Types/Type.m"; sourceTree = SOURCE_ROOT; };
		894622E716E7E6020040E6EF /* Uri.h */ = {isa = PBXFileReference; fileEncoding = 4; lastKnownFileType = sourcecode.c.h; name = Uri.h; path = "Primative Types/Uri.h"; sourceTree = SOURCE_ROOT; };
		894622E816E7E6020040E6EF /* Uri.m */ = {isa = PBXFileReference; fileEncoding = 4; lastKnownFileType = sourcecode.c.objc; name = Uri.m; path = "Primative Types/Uri.m"; sourceTree = SOURCE_ROOT; };
		894622F016E7E6170040E6EF /* Base64Binary.h */ = {isa = PBXFileReference; fileEncoding = 4; lastKnownFileType = sourcecode.c.h; name = Base64Binary.h; path = "Primative Types/Base64/Base64Binary.h"; sourceTree = SOURCE_ROOT; };
		894622F116E7E6170040E6EF /* Base64Binary.m */ = {isa = PBXFileReference; fileEncoding = 4; lastKnownFileType = sourcecode.c.objc; name = Base64Binary.m; path = "Primative Types/Base64/Base64Binary.m"; sourceTree = SOURCE_ROOT; };
		894622F216E7E6170040E6EF /* Base64Decoder.h */ = {isa = PBXFileReference; fileEncoding = 4; lastKnownFileType = sourcecode.c.h; name = Base64Decoder.h; path = "Primative Types/Base64/Base64Decoder.h"; sourceTree = SOURCE_ROOT; };
		894622F316E7E6170040E6EF /* Base64Decoder.m */ = {isa = PBXFileReference; fileEncoding = 4; lastKnownFileType = sourcecode.c.objc; name = Base64Decoder.m; path = "Primative Types/Base64/Base64Decoder.m"; sourceTree = SOURCE_ROOT; };
		894622F416E7E6170040E6EF /* Base64Encoder.h */ = {isa = PBXFileReference; fileEncoding = 4; lastKnownFileType = sourcecode.c.h; name = Base64Encoder.h; path = "Primative Types/Base64/Base64Encoder.h"; sourceTree = SOURCE_ROOT; };
		894622F516E7E6170040E6EF /* Base64Encoder.m */ = {isa = PBXFileReference; fileEncoding = 4; lastKnownFileType = sourcecode.c.objc; name = Base64Encoder.m; path = "Primative Types/Base64/Base64Encoder.m"; sourceTree = SOURCE_ROOT; };
		894622FA16E7E63C0040E6EF /* Extension.h */ = {isa = PBXFileReference; fileEncoding = 4; lastKnownFileType = sourcecode.c.h; name = Extension.h; path = "Other Types/Extension.h"; sourceTree = SOURCE_ROOT; };
		894622FB16E7E63C0040E6EF /* Extension.m */ = {isa = PBXFileReference; fileEncoding = 4; lastKnownFileType = sourcecode.c.objc; name = Extension.m; path = "Other Types/Extension.m"; sourceTree = SOURCE_ROOT; };
		894622FC16E7E63C0040E6EF /* Narrative.h */ = {isa = PBXFileReference; fileEncoding = 4; lastKnownFileType = sourcecode.c.h; name = Narrative.h; path = "Other Types/Narrative.h"; sourceTree = SOURCE_ROOT; };
		894622FD16E7E63C0040E6EF /* Narrative.m */ = {isa = PBXFileReference; fileEncoding = 4; lastKnownFileType = sourcecode.c.objc; name = Narrative.m; path = "Other Types/Narrative.m"; sourceTree = SOURCE_ROOT; };
		8946230016E7E6CB0040E6EF /* FHIR-Prefix.pch */ = {isa = PBXFileReference; fileEncoding = 4; lastKnownFileType = sourcecode.c.h; path = "FHIR-Prefix.pch"; sourceTree = "<group>"; };
		897CF6BF16F0EE0200442A03 /* Text.h */ = {isa = PBXFileReference; fileEncoding = 4; lastKnownFileType = sourcecode.c.h; name = Text.h; path = "Other Types/Text.h"; sourceTree = SOURCE_ROOT; };
		897CF6C016F0EE0200442A03 /* Text.m */ = {isa = PBXFileReference; fileEncoding = 4; lastKnownFileType = sourcecode.c.objc; name = Text.m; path = "Other Types/Text.m"; sourceTree = SOURCE_ROOT; };
		8993D7E716B1D88400D0AFB4 /* libFHIR.a */ = {isa = PBXFileReference; explicitFileType = archive.ar; includeInIndex = 0; path = libFHIR.a; sourceTree = BUILT_PRODUCTS_DIR; };
		8993D7EA16B1D88400D0AFB4 /* Foundation.framework */ = {isa = PBXFileReference; lastKnownFileType = wrapper.framework; name = Foundation.framework; path = System/Library/Frameworks/Foundation.framework; sourceTree = SDKROOT; };
		8993D7F816B1D88500D0AFB4 /* FHIRTests.octest */ = {isa = PBXFileReference; explicitFileType = wrapper.cfbundle; includeInIndex = 0; path = FHIRTests.octest; sourceTree = BUILT_PRODUCTS_DIR; };
		8993D7F916B1D88500D0AFB4 /* SenTestingKit.framework */ = {isa = PBXFileReference; lastKnownFileType = wrapper.framework; name = SenTestingKit.framework; path = Library/Frameworks/SenTestingKit.framework; sourceTree = DEVELOPER_DIR; };
		8993D80316B1D88500D0AFB4 /* FHIRTests-Info.plist */ = {isa = PBXFileReference; lastKnownFileType = text.plist.xml; path = "FHIRTests-Info.plist"; sourceTree = "<group>"; };
		8993D80516B1D88500D0AFB4 /* en */ = {isa = PBXFileReference; lastKnownFileType = text.plist.strings; name = en; path = en.lproj/InfoPlist.strings; sourceTree = "<group>"; };
		8993D80716B1D88500D0AFB4 /* FHIRTests.h */ = {isa = PBXFileReference; lastKnownFileType = sourcecode.c.h; path = FHIRTests.h; sourceTree = "<group>"; };
		8993D80816B1D88500D0AFB4 /* FHIRTests.m */ = {isa = PBXFileReference; lastKnownFileType = sourcecode.c.objc; path = FHIRTests.m; sourceTree = "<group>"; };
		89E00D1116F7449300ED3F5E /* ExistanceChecker.h */ = {isa = PBXFileReference; fileEncoding = 4; lastKnownFileType = sourcecode.c.h; path = ExistanceChecker.h; sourceTree = "<group>"; };
		89E00D1216F7449300ED3F5E /* ExistanceChecker.m */ = {isa = PBXFileReference; fileEncoding = 4; lastKnownFileType = sourcecode.c.objc; path = ExistanceChecker.m; sourceTree = "<group>"; };
		89F9145616EE28E00024DF3E /* DictToXML.h */ = {isa = PBXFileReference; fileEncoding = 4; lastKnownFileType = sourcecode.c.h; name = DictToXML.h; path = XML/DictToXML.h; sourceTree = SOURCE_ROOT; };
		89F9145716EE28E00024DF3E /* DictToXML.m */ = {isa = PBXFileReference; fileEncoding = 4; lastKnownFileType = sourcecode.c.objc; name = DictToXML.m; path = XML/DictToXML.m; sourceTree = SOURCE_ROOT; };
/* End PBXFileReference section */

/* Begin PBXFrameworksBuildPhase section */
		8993D7E416B1D88400D0AFB4 /* Frameworks */ = {
			isa = PBXFrameworksBuildPhase;
			buildActionMask = 2147483647;
			files = (
				89436D4F16CA965E004563E4 /* UIKit.framework in Frameworks */,
				890AD55416BC176A00FE69E3 /* CoreData.framework in Frameworks */,
				8993D7EB16B1D88400D0AFB4 /* Foundation.framework in Frameworks */,
			);
			runOnlyForDeploymentPostprocessing = 0;
		};
		8993D7F416B1D88500D0AFB4 /* Frameworks */ = {
			isa = PBXFrameworksBuildPhase;
			buildActionMask = 2147483647;
			files = (
				8993D7FA16B1D88500D0AFB4 /* SenTestingKit.framework in Frameworks */,
				8993D7FD16B1D88500D0AFB4 /* Foundation.framework in Frameworks */,
				8993D80016B1D88500D0AFB4 /* libFHIR.a in Frameworks */,
			);
			runOnlyForDeploymentPostprocessing = 0;
		};
/* End PBXFrameworksBuildPhase section */

/* Begin PBXGroup section */
		894622AB16E7E0080040E6EF /* Classes */ = {
			isa = PBXGroup;
			children = (
				894622A516E7DFFF0040E6EF /* Animal.h */,
				894622A616E7DFFF0040E6EF /* Animal.m */,
				894622A716E7DFFF0040E6EF /* Patient.h */,
				894622A816E7DFFF0040E6EF /* Patient.m */,
			);
			name = Classes;
			sourceTree = "<group>";
		};
		894622AC16E7E0230040E6EF /* Subclasses */ = {
			isa = PBXGroup;
			children = (
				894622AD16E7E0510040E6EF /* Demographics.h */,
				894622AE16E7E0510040E6EF /* Demographics.m */,
				894622C316E7E5980040E6EF /* HumanId.h */,
				894622C416E7E5980040E6EF /* HumanId.m */,
				894622C516E7E5980040E6EF /* Identifier.h */,
				894622C616E7E5980040E6EF /* Identifier.m */,
				894622C716E7E5980040E6EF /* Image.h */,
				894622C816E7E5980040E6EF /* Image.m */,
				894622C916E7E5980040E6EF /* Language.h */,
				894622CA16E7E5980040E6EF /* Language.m */,
			);
			name = Subclasses;
			sourceTree = "<group>";
		};
		894622B016E7E1EA0040E6EF /* Data Types */ = {
			isa = PBXGroup;
			children = (
				894622B116E7E22A0040E6EF /* Address.h */,
				894622B216E7E22A0040E6EF /* Address.m */,
				894622B316E7E22A0040E6EF /* CodeableConcept.h */,
				894622B416E7E22A0040E6EF /* CodeableConcept.m */,
				894622B516E7E22A0040E6EF /* Contact.h */,
				894622B616E7E22A0040E6EF /* Contact.m */,
				894622B716E7E22A0040E6EF /* HumanName.h */,
				894622B816E7E22A0040E6EF /* HumanName.m */,
				894622CF16E7E5B60040E6EF /* Coding.h */,
				894622D016E7E5B60040E6EF /* Coding.m */,
				894622D116E7E5B60040E6EF /* NodeType.h */,
				894622D216E7E5B60040E6EF /* NodeType.m */,
				894622D316E7E5B60040E6EF /* Period.h */,
				894622D416E7E5B60040E6EF /* Period.m */,
				894622D516E7E5B60040E6EF /* XhtmlNode.h */,
				894622D616E7E5B60040E6EF /* XhtmlNode.m */,
			);
			name = "Data Types";
			sourceTree = "<group>";
		};
		894622DC16E7E5DD0040E6EF /* Primative Types */ = {
			isa = PBXGroup;
			children = (
				894622EF16E7E60A0040E6EF /* Base64 */,
				894622DD16E7E6020040E6EF /* Bool.h */,
				894622DE16E7E6020040E6EF /* Bool.m */,
				894622DF16E7E6020040E6EF /* Code.h */,
				894622E016E7E6020040E6EF /* Code.m */,
				894622E116E7E6020040E6EF /* Element.h */,
				894622E216E7E6020040E6EF /* Element.m */,
				894622E316E7E6020040E6EF /* String.h */,
				894622E416E7E6020040E6EF /* String.m */,
				894622E516E7E6020040E6EF /* Type.h */,
				894622E616E7E6020040E6EF /* Type.m */,
				894622E716E7E6020040E6EF /* Uri.h */,
				894622E816E7E6020040E6EF /* Uri.m */,
			);
			name = "Primative Types";
			sourceTree = "<group>";
		};
		894622EF16E7E60A0040E6EF /* Base64 */ = {
			isa = PBXGroup;
			children = (
				894622F016E7E6170040E6EF /* Base64Binary.h */,
				894622F116E7E6170040E6EF /* Base64Binary.m */,
				894622F216E7E6170040E6EF /* Base64Decoder.h */,
				894622F316E7E6170040E6EF /* Base64Decoder.m */,
				894622F416E7E6170040E6EF /* Base64Encoder.h */,
				894622F516E7E6170040E6EF /* Base64Encoder.m */,
			);
			name = Base64;
			sourceTree = "<group>";
		};
		894622F916E7E6290040E6EF /* Other Types */ = {
			isa = PBXGroup;
			children = (
				894622FA16E7E63C0040E6EF /* Extension.h */,
				894622FB16E7E63C0040E6EF /* Extension.m */,
				894622FC16E7E63C0040E6EF /* Narrative.h */,
				894622FD16E7E63C0040E6EF /* Narrative.m */,
				897CF6BF16F0EE0200442A03 /* Text.h */,
				897CF6C016F0EE0200442A03 /* Text.m */,
			);
			name = "Other Types";
			sourceTree = "<group>";
		};
		8975C29F16E505B0000CB985 /* XML */ = {
			isa = PBXGroup;
			children = (
				8946228516E7DB080040E6EF /* XMLReader.h */,
				8946228616E7DB080040E6EF /* XMLReader.m */,
				8946228716E7DB080040E6EF /* XMLToDict.h */,
				8946228816E7DB080040E6EF /* XMLToDict.m */,
				89F9145616EE28E00024DF3E /* DictToXML.h */,
				89F9145716EE28E00024DF3E /* DictToXML.m */,
			);
			name = XML;
			sourceTree = "<group>";
		};
		8993D7DC16B1D88400D0AFB4 = {
			isa = PBXGroup;
			children = (
				8993D7EC16B1D88400D0AFB4 /* FHIR */,
				8993D80116B1D88500D0AFB4 /* FHIRTests */,
				8993D7E916B1D88400D0AFB4 /* Frameworks */,
				8993D7E816B1D88400D0AFB4 /* Products */,
			);
			sourceTree = "<group>";
		};
		8993D7E816B1D88400D0AFB4 /* Products */ = {
			isa = PBXGroup;
			children = (
				8993D7E716B1D88400D0AFB4 /* libFHIR.a */,
				8993D7F816B1D88500D0AFB4 /* FHIRTests.octest */,
			);
			name = Products;
			sourceTree = "<group>";
		};
		8993D7E916B1D88400D0AFB4 /* Frameworks */ = {
			isa = PBXGroup;
			children = (
				89436D4E16CA965E004563E4 /* UIKit.framework */,
				890AD55316BC176A00FE69E3 /* CoreData.framework */,
				8993D7EA16B1D88400D0AFB4 /* Foundation.framework */,
				8993D7F916B1D88500D0AFB4 /* SenTestingKit.framework */,
			);
			name = Frameworks;
			sourceTree = "<group>";
		};
		8993D7EC16B1D88400D0AFB4 /* FHIR */ = {
			isa = PBXGroup;
			children = (
				8975C29F16E505B0000CB985 /* XML */,
				89CB21A516C29066006A7497 /* JSON */,
				894622AB16E7E0080040E6EF /* Classes */,
				894622AC16E7E0230040E6EF /* Subclasses */,
				894622B016E7E1EA0040E6EF /* Data Types */,
				89D05CC716B82D1000139BEF /* Resource Files */,
				894622DC16E7E5DD0040E6EF /* Primative Types */,
				894622F916E7E6290040E6EF /* Other Types */,
				8993D7ED16B1D88400D0AFB4 /* Supporting Files */,
			);
			path = FHIR;
			sourceTree = "<group>";
		};
		8993D7ED16B1D88400D0AFB4 /* Supporting Files */ = {
			isa = PBXGroup;
			children = (
				8946230016E7E6CB0040E6EF /* FHIR-Prefix.pch */,
				89E00D1116F7449300ED3F5E /* ExistanceChecker.h */,
				89E00D1216F7449300ED3F5E /* ExistanceChecker.m */,
			);
			name = "Supporting Files";
			sourceTree = "<group>";
		};
		8993D80116B1D88500D0AFB4 /* FHIRTests */ = {
			isa = PBXGroup;
			children = (
				8993D80716B1D88500D0AFB4 /* FHIRTests.h */,
				8993D80816B1D88500D0AFB4 /* FHIRTests.m */,
				8993D80216B1D88500D0AFB4 /* Supporting Files */,
			);
			path = FHIRTests;
			sourceTree = "<group>";
		};
		8993D80216B1D88500D0AFB4 /* Supporting Files */ = {
			isa = PBXGroup;
			children = (
				8993D80316B1D88500D0AFB4 /* FHIRTests-Info.plist */,
				8993D80416B1D88500D0AFB4 /* InfoPlist.strings */,
			);
			name = "Supporting Files";
			sourceTree = "<group>";
		};
		89CB21A516C29066006A7497 /* JSON */ = {
			isa = PBXGroup;
			children = (
				8946228B16E7DBEB0040E6EF /* DictToJSON.h */,
				8946228C16E7DBEB0040E6EF /* DictToJSON.m */,
				8946228D16E7DBEB0040E6EF /* JSONToDict.h */,
				8946228E16E7DBEB0040E6EF /* JSONToDict.m */,
			);
			name = JSON;
			sourceTree = "<group>";
		};
		89D05CC716B82D1000139BEF /* Resource Files */ = {
			isa = PBXGroup;
			children = (
				8946229C16E7DDF70040E6EF /* FHIRResourceDictionary.h */,
				8946229D16E7DDF70040E6EF /* FHIRResourceDictionary.m */,
				8946229E16E7DDF70040E6EF /* Resource.h */,
				8946229F16E7DDF70040E6EF /* Resource.m */,
				894622A016E7DDF70040E6EF /* ResourceReference.h */,
				894622A116E7DDF70040E6EF /* ResourceReference.m */,
			);
			name = "Resource Files";
			sourceTree = "<group>";
		};
/* End PBXGroup section */

/* Begin PBXNativeTarget section */
		8993D7E616B1D88400D0AFB4 /* FHIR */ = {
			isa = PBXNativeTarget;
			buildConfigurationList = 8993D80C16B1D88500D0AFB4 /* Build configuration list for PBXNativeTarget "FHIR" */;
			buildPhases = (
				8993D7E316B1D88400D0AFB4 /* Sources */,
				8993D7E416B1D88400D0AFB4 /* Frameworks */,
				8993D7E516B1D88400D0AFB4 /* CopyFiles */,
			);
			buildRules = (
			);
			dependencies = (
			);
			name = FHIR;
			productName = FHIR;
			productReference = 8993D7E716B1D88400D0AFB4 /* libFHIR.a */;
			productType = "com.apple.product-type.library.static";
		};
		8993D7F716B1D88500D0AFB4 /* FHIRTests */ = {
			isa = PBXNativeTarget;
			buildConfigurationList = 8993D80F16B1D88500D0AFB4 /* Build configuration list for PBXNativeTarget "FHIRTests" */;
			buildPhases = (
				8993D7F316B1D88500D0AFB4 /* Sources */,
				8993D7F416B1D88500D0AFB4 /* Frameworks */,
				8993D7F516B1D88500D0AFB4 /* Resources */,
				8993D7F616B1D88500D0AFB4 /* ShellScript */,
			);
			buildRules = (
			);
			dependencies = (
				8993D7FF16B1D88500D0AFB4 /* PBXTargetDependency */,
			);
			name = FHIRTests;
			productName = FHIRTests;
			productReference = 8993D7F816B1D88500D0AFB4 /* FHIRTests.octest */;
			productType = "com.apple.product-type.bundle";
		};
/* End PBXNativeTarget section */

/* Begin PBXProject section */
		8993D7DE16B1D88400D0AFB4 /* Project object */ = {
			isa = PBXProject;
			attributes = {
				LastUpgradeCheck = 0450;
				ORGANIZATIONNAME = "Mohawk College";
			};
			buildConfigurationList = 8993D7E116B1D88400D0AFB4 /* Build configuration list for PBXProject "FHIR" */;
			compatibilityVersion = "Xcode 3.2";
			developmentRegion = English;
			hasScannedForEncodings = 0;
			knownRegions = (
				en,
			);
			mainGroup = 8993D7DC16B1D88400D0AFB4;
			productRefGroup = 8993D7E816B1D88400D0AFB4 /* Products */;
			projectDirPath = "";
			projectRoot = "";
			targets = (
				8993D7E616B1D88400D0AFB4 /* FHIR */,
				8993D7F716B1D88500D0AFB4 /* FHIRTests */,
			);
		};
/* End PBXProject section */

/* Begin PBXResourcesBuildPhase section */
		8993D7F516B1D88500D0AFB4 /* Resources */ = {
			isa = PBXResourcesBuildPhase;
			buildActionMask = 2147483647;
			files = (
				8993D80616B1D88500D0AFB4 /* InfoPlist.strings in Resources */,
			);
			runOnlyForDeploymentPostprocessing = 0;
		};
/* End PBXResourcesBuildPhase section */

/* Begin PBXShellScriptBuildPhase section */
		8993D7F616B1D88500D0AFB4 /* ShellScript */ = {
			isa = PBXShellScriptBuildPhase;
			buildActionMask = 2147483647;
			files = (
			);
			inputPaths = (
			);
			outputPaths = (
			);
			runOnlyForDeploymentPostprocessing = 0;
			shellPath = /bin/sh;
			shellScript = "# Run the unit tests in this test bundle.\n\"${SYSTEM_DEVELOPER_DIR}/Tools/RunUnitTests\"\n";
		};
/* End PBXShellScriptBuildPhase section */

/* Begin PBXSourcesBuildPhase section */
		8993D7E316B1D88400D0AFB4 /* Sources */ = {
			isa = PBXSourcesBuildPhase;
			buildActionMask = 2147483647;
			files = (
				8946228916E7DB080040E6EF /* XMLReader.m in Sources */,
				8946228A16E7DB080040E6EF /* XMLToDict.m in Sources */,
				8946228F16E7DBEB0040E6EF /* DictToJSON.m in Sources */,
				8946229016E7DBEB0040E6EF /* JSONToDict.m in Sources */,
				894622A216E7DDF70040E6EF /* FHIRResourceDictionary.m in Sources */,
				894622A316E7DDF70040E6EF /* Resource.m in Sources */,
				894622A416E7DDF70040E6EF /* ResourceReference.m in Sources */,
				894622A916E7DFFF0040E6EF /* Animal.m in Sources */,
				894622AA16E7DFFF0040E6EF /* Patient.m in Sources */,
				894622AF16E7E0510040E6EF /* Demographics.m in Sources */,
				894622B916E7E22A0040E6EF /* Address.m in Sources */,
				894622BA16E7E22A0040E6EF /* CodeableConcept.m in Sources */,
				894622BB16E7E22A0040E6EF /* Contact.m in Sources */,
				894622BC16E7E22A0040E6EF /* HumanName.m in Sources */,
				894622CB16E7E5980040E6EF /* HumanId.m in Sources */,
				894622CC16E7E5980040E6EF /* Identifier.m in Sources */,
				894622CD16E7E5980040E6EF /* Image.m in Sources */,
				894622CE16E7E5980040E6EF /* Language.m in Sources */,
				894622D716E7E5B60040E6EF /* Coding.m in Sources */,
				894622D816E7E5B60040E6EF /* NodeType.m in Sources */,
				894622D916E7E5B60040E6EF /* Period.m in Sources */,
				894622DA16E7E5B60040E6EF /* XhtmlNode.m in Sources */,
				894622E916E7E6020040E6EF /* Bool.m in Sources */,
				894622EA16E7E6020040E6EF /* Code.m in Sources */,
				894622EB16E7E6020040E6EF /* Element.m in Sources */,
				894622EC16E7E6020040E6EF /* String.m in Sources */,
				894622ED16E7E6020040E6EF /* Type.m in Sources */,
				894622EE16E7E6020040E6EF /* Uri.m in Sources */,
				894622F616E7E6170040E6EF /* Base64Binary.m in Sources */,
				894622F716E7E6170040E6EF /* Base64Decoder.m in Sources */,
				894622F816E7E6170040E6EF /* Base64Encoder.m in Sources */,
				894622FE16E7E63C0040E6EF /* Extension.m in Sources */,
				894622FF16E7E63C0040E6EF /* Narrative.m in Sources */,
				89F9145816EE28E00024DF3E /* DictToXML.m in Sources */,
				897CF6C116F0EE0200442A03 /* Text.m in Sources */,
				89E00D1316F7449300ED3F5E /* ExistanceChecker.m in Sources */,
			);
			runOnlyForDeploymentPostprocessing = 0;
		};
		8993D7F316B1D88500D0AFB4 /* Sources */ = {
			isa = PBXSourcesBuildPhase;
			buildActionMask = 2147483647;
			files = (
				8993D80916B1D88500D0AFB4 /* FHIRTests.m in Sources */,
			);
			runOnlyForDeploymentPostprocessing = 0;
		};
/* End PBXSourcesBuildPhase section */

/* Begin PBXTargetDependency section */
		8993D7FF16B1D88500D0AFB4 /* PBXTargetDependency */ = {
			isa = PBXTargetDependency;
			target = 8993D7E616B1D88400D0AFB4 /* FHIR */;
			targetProxy = 8993D7FE16B1D88500D0AFB4 /* PBXContainerItemProxy */;
		};
/* End PBXTargetDependency section */

/* Begin PBXVariantGroup section */
		8993D80416B1D88500D0AFB4 /* InfoPlist.strings */ = {
			isa = PBXVariantGroup;
			children = (
				8993D80516B1D88500D0AFB4 /* en */,
			);
			name = InfoPlist.strings;
			sourceTree = "<group>";
		};
/* End PBXVariantGroup section */

/* Begin XCBuildConfiguration section */
		8993D80A16B1D88500D0AFB4 /* Debug */ = {
			isa = XCBuildConfiguration;
			buildSettings = {
				ALWAYS_SEARCH_USER_PATHS = NO;
				CLANG_CXX_LANGUAGE_STANDARD = "gnu++0x";
				CLANG_CXX_LIBRARY = "libc++";
				CLANG_ENABLE_OBJC_ARC = YES;
				CLANG_WARN_EMPTY_BODY = YES;
				CLANG_WARN__DUPLICATE_METHOD_MATCH = YES;
				COPY_PHASE_STRIP = NO;
				GCC_C_LANGUAGE_STANDARD = gnu99;
				GCC_DYNAMIC_NO_PIC = NO;
				GCC_OPTIMIZATION_LEVEL = 0;
				GCC_PREPROCESSOR_DEFINITIONS = (
					"DEBUG=1",
					"$(inherited)",
				);
				GCC_SYMBOLS_PRIVATE_EXTERN = NO;
				GCC_WARN_ABOUT_RETURN_TYPE = YES;
				GCC_WARN_UNINITIALIZED_AUTOS = YES;
				GCC_WARN_UNUSED_VARIABLE = YES;
				IPHONEOS_DEPLOYMENT_TARGET = 6.0;
				ONLY_ACTIVE_ARCH = YES;
				SDKROOT = iphoneos;
			};
			name = Debug;
		};
		8993D80B16B1D88500D0AFB4 /* Release */ = {
			isa = XCBuildConfiguration;
			buildSettings = {
				ALWAYS_SEARCH_USER_PATHS = NO;
				CLANG_CXX_LANGUAGE_STANDARD = "gnu++0x";
				CLANG_CXX_LIBRARY = "libc++";
				CLANG_ENABLE_OBJC_ARC = YES;
				CLANG_WARN_EMPTY_BODY = YES;
				CLANG_WARN__DUPLICATE_METHOD_MATCH = YES;
				COPY_PHASE_STRIP = YES;
				GCC_C_LANGUAGE_STANDARD = gnu99;
				GCC_WARN_ABOUT_RETURN_TYPE = YES;
				GCC_WARN_UNINITIALIZED_AUTOS = YES;
				GCC_WARN_UNUSED_VARIABLE = YES;
				IPHONEOS_DEPLOYMENT_TARGET = 6.0;
				SDKROOT = iphoneos;
				VALIDATE_PRODUCT = YES;
			};
			name = Release;
		};
		8993D80D16B1D88500D0AFB4 /* Debug */ = {
			isa = XCBuildConfiguration;
			buildSettings = {
				DSTROOT = /tmp/FHIR.dst;
				GCC_PRECOMPILE_PREFIX_HEADER = YES;
				GCC_PREFIX_HEADER = "FHIR/FHIR-Prefix.pch";
				OTHER_LDFLAGS = "-ObjC";
				PRODUCT_NAME = "$(TARGET_NAME)";
				SKIP_INSTALL = YES;
			};
			name = Debug;
		};
		8993D80E16B1D88500D0AFB4 /* Release */ = {
			isa = XCBuildConfiguration;
			buildSettings = {
				DSTROOT = /tmp/FHIR.dst;
				GCC_PRECOMPILE_PREFIX_HEADER = YES;
				GCC_PREFIX_HEADER = "FHIR/FHIR-Prefix.pch";
				OTHER_LDFLAGS = "-ObjC";
				PRODUCT_NAME = "$(TARGET_NAME)";
				SKIP_INSTALL = YES;
			};
			name = Release;
		};
		8993D81016B1D88500D0AFB4 /* Debug */ = {
			isa = XCBuildConfiguration;
			buildSettings = {
				FRAMEWORK_SEARCH_PATHS = (
					"\"$(SDKROOT)/Developer/Library/Frameworks\"",
					"\"$(DEVELOPER_LIBRARY_DIR)/Frameworks\"",
				);
				GCC_PRECOMPILE_PREFIX_HEADER = YES;
				GCC_PREFIX_HEADER = "FHIR/FHIR-Prefix.pch";
				INFOPLIST_FILE = "FHIRTests/FHIRTests-Info.plist";
				PRODUCT_NAME = "$(TARGET_NAME)";
				WRAPPER_EXTENSION = octest;
			};
			name = Debug;
		};
		8993D81116B1D88500D0AFB4 /* Release */ = {
			isa = XCBuildConfiguration;
			buildSettings = {
				FRAMEWORK_SEARCH_PATHS = (
					"\"$(SDKROOT)/Developer/Library/Frameworks\"",
					"\"$(DEVELOPER_LIBRARY_DIR)/Frameworks\"",
				);
				GCC_PRECOMPILE_PREFIX_HEADER = YES;
				GCC_PREFIX_HEADER = "FHIR/FHIR-Prefix.pch";
				INFOPLIST_FILE = "FHIRTests/FHIRTests-Info.plist";
				PRODUCT_NAME = "$(TARGET_NAME)";
				WRAPPER_EXTENSION = octest;
			};
			name = Release;
		};
/* End XCBuildConfiguration section */

/* Begin XCConfigurationList section */
		8993D7E116B1D88400D0AFB4 /* Build configuration list for PBXProject "FHIR" */ = {
			isa = XCConfigurationList;
			buildConfigurations = (
				8993D80A16B1D88500D0AFB4 /* Debug */,
				8993D80B16B1D88500D0AFB4 /* Release */,
			);
			defaultConfigurationIsVisible = 0;
			defaultConfigurationName = Release;
		};
		8993D80C16B1D88500D0AFB4 /* Build configuration list for PBXNativeTarget "FHIR" */ = {
			isa = XCConfigurationList;
			buildConfigurations = (
				8993D80D16B1D88500D0AFB4 /* Debug */,
				8993D80E16B1D88500D0AFB4 /* Release */,
			);
			defaultConfigurationIsVisible = 0;
			defaultConfigurationName = Release;
		};
		8993D80F16B1D88500D0AFB4 /* Build configuration list for PBXNativeTarget "FHIRTests" */ = {
			isa = XCConfigurationList;
			buildConfigurations = (
				8993D81016B1D88500D0AFB4 /* Debug */,
				8993D81116B1D88500D0AFB4 /* Release */,
			);
			defaultConfigurationIsVisible = 0;
			defaultConfigurationName = Release;
		};
/* End XCConfigurationList section */
	};
	rootObject = 8993D7DE16B1D88400D0AFB4 /* Project object */;
}
