// !$*UTF8*$!
{
	archiveVersion = 1;
	classes = {
	};
	objectVersion = 46;
	objects = {

/* Begin PBXBuildFile section */
		891F3A91172593A10091D782 /* PatientViewWriter.m in Sources */ = {isa = PBXBuildFile; fileRef = 891F3A90172593A10091D782 /* PatientViewWriter.m */; };
		891F3A981725C5C70091D782 /* PatientEditViewController.m in Sources */ = {isa = PBXBuildFile; fileRef = 891F3A971725C5C70091D782 /* PatientEditViewController.m */; };
		89403EE0172819E100EDDF8A /* NameListTableViewController.m in Sources */ = {isa = PBXBuildFile; fileRef = 89403EDF172819E100EDDF8A /* NameListTableViewController.m */; };
		8959F43117942ECA00AE586D /* InitialSearchTableViewController.m in Sources */ = {isa = PBXBuildFile; fileRef = 8959F43017942ECA00AE586D /* InitialSearchTableViewController.m */; };
		8959F4341794835600AE586D /* AddPatientViewController.m in Sources */ = {isa = PBXBuildFile; fileRef = 8959F4331794835600AE586D /* AddPatientViewController.m */; };
		89694718171D99D10072A3CD /* UIKit.framework in Frameworks */ = {isa = PBXBuildFile; fileRef = 89694717171D99D10072A3CD /* UIKit.framework */; };
		8969471A171D99D10072A3CD /* Foundation.framework in Frameworks */ = {isa = PBXBuildFile; fileRef = 89694719171D99D10072A3CD /* Foundation.framework */; };
		8969471C171D99D10072A3CD /* CoreGraphics.framework in Frameworks */ = {isa = PBXBuildFile; fileRef = 8969471B171D99D10072A3CD /* CoreGraphics.framework */; };
		89694722171D99D10072A3CD /* InfoPlist.strings in Resources */ = {isa = PBXBuildFile; fileRef = 89694720171D99D10072A3CD /* InfoPlist.strings */; };
		89694724171D99D10072A3CD /* main.m in Sources */ = {isa = PBXBuildFile; fileRef = 89694723171D99D10072A3CD /* main.m */; };
		89694728171D99D10072A3CD /* TestAppDelegate.m in Sources */ = {isa = PBXBuildFile; fileRef = 89694727171D99D10072A3CD /* TestAppDelegate.m */; };
		8969472A171D99D10072A3CD /* Default.png in Resources */ = {isa = PBXBuildFile; fileRef = 89694729171D99D10072A3CD /* Default.png */; };
		8969472C171D99D10072A3CD /* Default@2x.png in Resources */ = {isa = PBXBuildFile; fileRef = 8969472B171D99D10072A3CD /* Default@2x.png */; };
		8969472E171D99D10072A3CD /* Default-568h@2x.png in Resources */ = {isa = PBXBuildFile; fileRef = 8969472D171D99D10072A3CD /* Default-568h@2x.png */; };
		89694731171D99D10072A3CD /* MainStoryboard_iPhone.storyboard in Resources */ = {isa = PBXBuildFile; fileRef = 8969472F171D99D10072A3CD /* MainStoryboard_iPhone.storyboard */; };
		89694734171D99D10072A3CD /* MainStoryboard_iPad.storyboard in Resources */ = {isa = PBXBuildFile; fileRef = 89694732171D99D10072A3CD /* MainStoryboard_iPad.storyboard */; };
		8969473F171D99D10072A3CD /* SenTestingKit.framework in Frameworks */ = {isa = PBXBuildFile; fileRef = 8969473E171D99D10072A3CD /* SenTestingKit.framework */; };
		89694740171D99D10072A3CD /* UIKit.framework in Frameworks */ = {isa = PBXBuildFile; fileRef = 89694717171D99D10072A3CD /* UIKit.framework */; };
		89694741171D99D10072A3CD /* Foundation.framework in Frameworks */ = {isa = PBXBuildFile; fileRef = 89694719171D99D10072A3CD /* Foundation.framework */; };
		89694749171D99D10072A3CD /* InfoPlist.strings in Resources */ = {isa = PBXBuildFile; fileRef = 89694747171D99D10072A3CD /* InfoPlist.strings */; };
		8969474C171D99D10072A3CD /* TestFHIRPatientAppTests.m in Sources */ = {isa = PBXBuildFile; fileRef = 8969474B171D99D10072A3CD /* TestFHIRPatientAppTests.m */; };
		89694763171D9B600072A3CD /* PatientLoaderTableViewController.m in Sources */ = {isa = PBXBuildFile; fileRef = 89694762171D9B600072A3CD /* PatientLoaderTableViewController.m */; };
		89694766171DAE550072A3CD /* PatientViewController.m in Sources */ = {isa = PBXBuildFile; fileRef = 89694765171DAE550072A3CD /* PatientViewController.m */; };
		89B78AED178F2C8A004F4C0D /* libFHIR.a in Frameworks */ = {isa = PBXBuildFile; fileRef = 89B78AEC178F2C8A004F4C0D /* libFHIR.a */; };
		89B78AF1178F2EAF004F4C0D /* loadScreenViewController.m in Sources */ = {isa = PBXBuildFile; fileRef = 89B78AF0178F2EAF004F4C0D /* loadScreenViewController.m */; };
		89B78AFB178F372C004F4C0D /* background.jpg in Resources */ = {isa = PBXBuildFile; fileRef = 89B78AFA178F372C004F4C0D /* background.jpg */; };
		89B78B02178F40AE004F4C0D /* fhirlogo.png in Resources */ = {isa = PBXBuildFile; fileRef = 89B78B01178F40AE004F4C0D /* fhirlogo.png */; };
		89B78B0E178F4466004F4C0D /* FileSearchTableViewController.m in Sources */ = {isa = PBXBuildFile; fileRef = 89B78B0D178F4466004F4C0D /* FileSearchTableViewController.m */; };
		89E2EE3117270E260005CC5A /* DetailsEditViewController.m in Sources */ = {isa = PBXBuildFile; fileRef = 89E2EE3017270E260005CC5A /* DetailsEditViewController.m */; };
/* End PBXBuildFile section */

/* Begin PBXContainerItemProxy section */
		89694742171D99D10072A3CD /* PBXContainerItemProxy */ = {
			isa = PBXContainerItemProxy;
			containerPortal = 8969470A171D99D10072A3CD /* Project object */;
			proxyType = 1;
			remoteGlobalIDString = 89694712171D99D10072A3CD;
			remoteInfo = TestFHIRPatientApp;
		};
/* End PBXContainerItemProxy section */

/* Begin PBXFileReference section */
		891F3A8F172593A10091D782 /* PatientViewWriter.h */ = {isa = PBXFileReference; fileEncoding = 4; lastKnownFileType = sourcecode.c.h; path = PatientViewWriter.h; sourceTree = "<group>"; };
		891F3A90172593A10091D782 /* PatientViewWriter.m */ = {isa = PBXFileReference; fileEncoding = 4; lastKnownFileType = sourcecode.c.objc; path = PatientViewWriter.m; sourceTree = "<group>"; };
		891F3A961725C5C70091D782 /* PatientEditViewController.h */ = {isa = PBXFileReference; fileEncoding = 4; lastKnownFileType = sourcecode.c.h; path = PatientEditViewController.h; sourceTree = "<group>"; };
		891F3A971725C5C70091D782 /* PatientEditViewController.m */ = {isa = PBXFileReference; fileEncoding = 4; lastKnownFileType = sourcecode.c.objc; path = PatientEditViewController.m; sourceTree = "<group>"; };
		89403EDE172819E100EDDF8A /* NameListTableViewController.h */ = {isa = PBXFileReference; fileEncoding = 4; lastKnownFileType = sourcecode.c.h; path = NameListTableViewController.h; sourceTree = "<group>"; };
		89403EDF172819E100EDDF8A /* NameListTableViewController.m */ = {isa = PBXFileReference; fileEncoding = 4; lastKnownFileType = sourcecode.c.objc; path = NameListTableViewController.m; sourceTree = "<group>"; };
		8959F42F17942ECA00AE586D /* InitialSearchTableViewController.h */ = {isa = PBXFileReference; fileEncoding = 4; lastKnownFileType = sourcecode.c.h; path = InitialSearchTableViewController.h; sourceTree = "<group>"; };
		8959F43017942ECA00AE586D /* InitialSearchTableViewController.m */ = {isa = PBXFileReference; fileEncoding = 4; lastKnownFileType = sourcecode.c.objc; path = InitialSearchTableViewController.m; sourceTree = "<group>"; };
		8959F4321794835600AE586D /* AddPatientViewController.h */ = {isa = PBXFileReference; fileEncoding = 4; lastKnownFileType = sourcecode.c.h; path = AddPatientViewController.h; sourceTree = "<group>"; };
		8959F4331794835600AE586D /* AddPatientViewController.m */ = {isa = PBXFileReference; fileEncoding = 4; lastKnownFileType = sourcecode.c.objc; path = AddPatientViewController.m; sourceTree = "<group>"; };
		89694713171D99D10072A3CD /* TestFHIRPatientApp.app */ = {isa = PBXFileReference; explicitFileType = wrapper.application; includeInIndex = 0; path = TestFHIRPatientApp.app; sourceTree = BUILT_PRODUCTS_DIR; };
		89694717171D99D10072A3CD /* UIKit.framework */ = {isa = PBXFileReference; lastKnownFileType = wrapper.framework; name = UIKit.framework; path = System/Library/Frameworks/UIKit.framework; sourceTree = SDKROOT; };
		89694719171D99D10072A3CD /* Foundation.framework */ = {isa = PBXFileReference; lastKnownFileType = wrapper.framework; name = Foundation.framework; path = System/Library/Frameworks/Foundation.framework; sourceTree = SDKROOT; };
		8969471B171D99D10072A3CD /* CoreGraphics.framework */ = {isa = PBXFileReference; lastKnownFileType = wrapper.framework; name = CoreGraphics.framework; path = System/Library/Frameworks/CoreGraphics.framework; sourceTree = SDKROOT; };
		8969471F171D99D10072A3CD /* TestFHIRPatientApp-Info.plist */ = {isa = PBXFileReference; lastKnownFileType = text.plist.xml; path = "TestFHIRPatientApp-Info.plist"; sourceTree = "<group>"; };
		89694721171D99D10072A3CD /* en */ = {isa = PBXFileReference; lastKnownFileType = text.plist.strings; name = en; path = en.lproj/InfoPlist.strings; sourceTree = "<group>"; };
		89694723171D99D10072A3CD /* main.m */ = {isa = PBXFileReference; lastKnownFileType = sourcecode.c.objc; path = main.m; sourceTree = "<group>"; };
		89694725171D99D10072A3CD /* TestFHIRPatientApp-Prefix.pch */ = {isa = PBXFileReference; lastKnownFileType = sourcecode.c.h; path = "TestFHIRPatientApp-Prefix.pch"; sourceTree = "<group>"; };
		89694726171D99D10072A3CD /* TestAppDelegate.h */ = {isa = PBXFileReference; lastKnownFileType = sourcecode.c.h; path = TestAppDelegate.h; sourceTree = "<group>"; };
		89694727171D99D10072A3CD /* TestAppDelegate.m */ = {isa = PBXFileReference; lastKnownFileType = sourcecode.c.objc; path = TestAppDelegate.m; sourceTree = "<group>"; };
		89694729171D99D10072A3CD /* Default.png */ = {isa = PBXFileReference; lastKnownFileType = image.png; path = Default.png; sourceTree = "<group>"; };
		8969472B171D99D10072A3CD /* Default@2x.png */ = {isa = PBXFileReference; lastKnownFileType = image.png; path = "Default@2x.png"; sourceTree = "<group>"; };
		8969472D171D99D10072A3CD /* Default-568h@2x.png */ = {isa = PBXFileReference; lastKnownFileType = image.png; path = "Default-568h@2x.png"; sourceTree = "<group>"; };
		89694730171D99D10072A3CD /* en */ = {isa = PBXFileReference; lastKnownFileType = file.storyboard; name = en; path = en.lproj/MainStoryboard_iPhone.storyboard; sourceTree = "<group>"; };
		89694733171D99D10072A3CD /* en */ = {isa = PBXFileReference; lastKnownFileType = file.storyboard; name = en; path = en.lproj/MainStoryboard_iPad.storyboard; sourceTree = "<group>"; };
		8969473D171D99D10072A3CD /* TestFHIRPatientAppTests.octest */ = {isa = PBXFileReference; explicitFileType = wrapper.cfbundle; includeInIndex = 0; path = TestFHIRPatientAppTests.octest; sourceTree = BUILT_PRODUCTS_DIR; };
		8969473E171D99D10072A3CD /* SenTestingKit.framework */ = {isa = PBXFileReference; lastKnownFileType = wrapper.framework; name = SenTestingKit.framework; path = Library/Frameworks/SenTestingKit.framework; sourceTree = DEVELOPER_DIR; };
		89694746171D99D10072A3CD /* TestFHIRPatientAppTests-Info.plist */ = {isa = PBXFileReference; lastKnownFileType = text.plist.xml; path = "TestFHIRPatientAppTests-Info.plist"; sourceTree = "<group>"; };
		89694748171D99D10072A3CD /* en */ = {isa = PBXFileReference; lastKnownFileType = text.plist.strings; name = en; path = en.lproj/InfoPlist.strings; sourceTree = "<group>"; };
		8969474A171D99D10072A3CD /* TestFHIRPatientAppTests.h */ = {isa = PBXFileReference; lastKnownFileType = sourcecode.c.h; path = TestFHIRPatientAppTests.h; sourceTree = "<group>"; };
		8969474B171D99D10072A3CD /* TestFHIRPatientAppTests.m */ = {isa = PBXFileReference; lastKnownFileType = sourcecode.c.objc; path = TestFHIRPatientAppTests.m; sourceTree = "<group>"; };
		89694761171D9B600072A3CD /* PatientLoaderTableViewController.h */ = {isa = PBXFileReference; fileEncoding = 4; lastKnownFileType = sourcecode.c.h; path = PatientLoaderTableViewController.h; sourceTree = "<group>"; };
		89694762171D9B600072A3CD /* PatientLoaderTableViewController.m */ = {isa = PBXFileReference; fileEncoding = 4; lastKnownFileType = sourcecode.c.objc; path = PatientLoaderTableViewController.m; sourceTree = "<group>"; };
		89694764171DAE550072A3CD /* PatientViewController.h */ = {isa = PBXFileReference; fileEncoding = 4; lastKnownFileType = sourcecode.c.h; path = PatientViewController.h; sourceTree = "<group>"; };
		89694765171DAE550072A3CD /* PatientViewController.m */ = {isa = PBXFileReference; fileEncoding = 4; lastKnownFileType = sourcecode.c.objc; path = PatientViewController.m; sourceTree = "<group>"; };
		89B78A9C178F2C89004F4C0D /* DictToJSON.h */ = {isa = PBXFileReference; fileEncoding = 4; lastKnownFileType = sourcecode.c.h; path = DictToJSON.h; sourceTree = "<group>"; };
		89B78A9D178F2C89004F4C0D /* DictToXML.h */ = {isa = PBXFileReference; fileEncoding = 4; lastKnownFileType = sourcecode.c.h; path = DictToXML.h; sourceTree = "<group>"; };
		89B78A9E178F2C89004F4C0D /* FHIR.h */ = {isa = PBXFileReference; fileEncoding = 4; lastKnownFileType = sourcecode.c.h; path = FHIR.h; sourceTree = "<group>"; };
		89B78A9F178F2C89004F4C0D /* FHIRAdverseReaction.h */ = {isa = PBXFileReference; fileEncoding = 4; lastKnownFileType = sourcecode.c.h; path = FHIRAdverseReaction.h; sourceTree = "<group>"; };
		89B78AA0178F2C89004F4C0D /* FHIRAlert.h */ = {isa = PBXFileReference; fileEncoding = 4; lastKnownFileType = sourcecode.c.h; path = FHIRAlert.h; sourceTree = "<group>"; };
		89B78AA1178F2C89004F4C0D /* FHIRAllergyIntolerance.h */ = {isa = PBXFileReference; fileEncoding = 4; lastKnownFileType = sourcecode.c.h; path = FHIRAllergyIntolerance.h; sourceTree = "<group>"; };
		89B78AA2178F2C89004F4C0D /* FHIRCarePlan.h */ = {isa = PBXFileReference; fileEncoding = 4; lastKnownFileType = sourcecode.c.h; path = FHIRCarePlan.h; sourceTree = "<group>"; };
		89B78AA3178F2C89004F4C0D /* FHIRCoverage.h */ = {isa = PBXFileReference; fileEncoding = 4; lastKnownFileType = sourcecode.c.h; path = FHIRCoverage.h; sourceTree = "<group>"; };
		89B78AA4178F2C89004F4C0D /* FHIRMedication.h */ = {isa = PBXFileReference; fileEncoding = 4; lastKnownFileType = sourcecode.c.h; path = FHIRMedication.h; sourceTree = "<group>"; };
		89B78AA5178F2C89004F4C0D /* FHIRMedicationAdministration.h */ = {isa = PBXFileReference; fileEncoding = 4; lastKnownFileType = sourcecode.c.h; path = FHIRMedicationAdministration.h; sourceTree = "<group>"; };
		89B78AA6178F2C89004F4C0D /* FHIRMedicationDispense.h */ = {isa = PBXFileReference; fileEncoding = 4; lastKnownFileType = sourcecode.c.h; path = FHIRMedicationDispense.h; sourceTree = "<group>"; };
		89B78AA7178F2C89004F4C0D /* FHIRMedicationPrescription.h */ = {isa = PBXFileReference; fileEncoding = 4; lastKnownFileType = sourcecode.c.h; path = FHIRMedicationPrescription.h; sourceTree = "<group>"; };
		89B78AA8178F2C89004F4C0D /* FHIRMedicationStatement.h */ = {isa = PBXFileReference; fileEncoding = 4; lastKnownFileType = sourcecode.c.h; path = FHIRMedicationStatement.h; sourceTree = "<group>"; };
		89B78AA9178F2C89004F4C0D /* FHIROrganization.h */ = {isa = PBXFileReference; fileEncoding = 4; lastKnownFileType = sourcecode.c.h; path = FHIROrganization.h; sourceTree = "<group>"; };
		89B78AAA178F2C89004F4C0D /* FHIRPatient.h */ = {isa = PBXFileReference; fileEncoding = 4; lastKnownFileType = sourcecode.c.h; path = FHIRPatient.h; sourceTree = "<group>"; };
		89B78AAB178F2C89004F4C0D /* FHIRResourceDictionary.h */ = {isa = PBXFileReference; fileEncoding = 4; lastKnownFileType = sourcecode.c.h; path = FHIRResourceDictionary.h; sourceTree = "<group>"; };
		89B78AAC178F2C89004F4C0D /* JSONToDict.h */ = {isa = PBXFileReference; fileEncoding = 4; lastKnownFileType = sourcecode.c.h; path = JSONToDict.h; sourceTree = "<group>"; };
		89B78AAD178F2C89004F4C0D /* XMLToDict.h */ = {isa = PBXFileReference; fileEncoding = 4; lastKnownFileType = sourcecode.c.h; path = XMLToDict.h; sourceTree = "<group>"; };
		89B78AB0178F2C89004F4C0D /* Base64Binary.h */ = {isa = PBXFileReference; fileEncoding = 4; lastKnownFileType = sourcecode.c.h; path = Base64Binary.h; sourceTree = "<group>"; };
		89B78AB1178F2C89004F4C0D /* Base64Decoder.h */ = {isa = PBXFileReference; fileEncoding = 4; lastKnownFileType = sourcecode.c.h; path = Base64Decoder.h; sourceTree = "<group>"; };
		89B78AB2178F2C89004F4C0D /* Base64Encoder.h */ = {isa = PBXFileReference; fileEncoding = 4; lastKnownFileType = sourcecode.c.h; path = Base64Encoder.h; sourceTree = "<group>"; };
		89B78AB3178F2C89004F4C0D /* FHIR-Prefix.pch */ = {isa = PBXFileReference; fileEncoding = 4; lastKnownFileType = sourcecode.c.h; path = "FHIR-Prefix.pch"; sourceTree = "<group>"; };
		89B78AB4178F2C89004F4C0D /* FHIRAccreditation.h */ = {isa = PBXFileReference; fileEncoding = 4; lastKnownFileType = sourcecode.c.h; path = FHIRAccreditation.h; sourceTree = "<group>"; };
		89B78AB5178F2C89004F4C0D /* FHIRActivity.h */ = {isa = PBXFileReference; fileEncoding = 4; lastKnownFileType = sourcecode.c.h; path = FHIRActivity.h; sourceTree = "<group>"; };
		89B78AB6178F2C89004F4C0D /* FHIRAddress.h */ = {isa = PBXFileReference; fileEncoding = 4; lastKnownFileType = sourcecode.c.h; path = FHIRAddress.h; sourceTree = "<group>"; };
		89B78AB7178F2C89004F4C0D /* FHIRAnimal.h */ = {isa = PBXFileReference; fileEncoding = 4; lastKnownFileType = sourcecode.c.h; path = FHIRAnimal.h; sourceTree = "<group>"; };
		89B78AB8178F2C89004F4C0D /* FHIRAttachment.h */ = {isa = PBXFileReference; fileEncoding = 4; lastKnownFileType = sourcecode.c.h; path = FHIRAttachment.h; sourceTree = "<group>"; };
		89B78AB9178F2C89004F4C0D /* FHIRBool.h */ = {isa = PBXFileReference; fileEncoding = 4; lastKnownFileType = sourcecode.c.h; path = FHIRBool.h; sourceTree = "<group>"; };
		89B78ABA178F2C89004F4C0D /* FHIRChoice.h */ = {isa = PBXFileReference; fileEncoding = 4; lastKnownFileType = sourcecode.c.h; path = FHIRChoice.h; sourceTree = "<group>"; };
		89B78ABB178F2C89004F4C0D /* FHIRChoiceOption.h */ = {isa = PBXFileReference; fileEncoding = 4; lastKnownFileType = sourcecode.c.h; path = FHIRChoiceOption.h; sourceTree = "<group>"; };
		89B78ABC178F2C89004F4C0D /* FHIRCode.h */ = {isa = PBXFileReference; fileEncoding = 4; lastKnownFileType = sourcecode.c.h; path = FHIRCode.h; sourceTree = "<group>"; };
		89B78ABD178F2C89004F4C0D /* FHIRCodeableConcept.h */ = {isa = PBXFileReference; fileEncoding = 4; lastKnownFileType = sourcecode.c.h; path = FHIRCodeableConcept.h; sourceTree = "<group>"; };
		89B78ABE178F2C89004F4C0D /* FHIRCoding.h */ = {isa = PBXFileReference; fileEncoding = 4; lastKnownFileType = sourcecode.c.h; path = FHIRCoding.h; sourceTree = "<group>"; };
		89B78ABF178F2C89004F4C0D /* FHIRCommunication.h */ = {isa = PBXFileReference; fileEncoding = 4; lastKnownFileType = sourcecode.c.h; path = FHIRCommunication.h; sourceTree = "<group>"; };
		89B78AC0178F2C89004F4C0D /* FHIRContact.h */ = {isa = PBXFileReference; fileEncoding = 4; lastKnownFileType = sourcecode.c.h; path = FHIRContact.h; sourceTree = "<group>"; };
		89B78AC1178F2C89004F4C0D /* FHIRContactEntity.h */ = {isa = PBXFileReference; fileEncoding = 4; lastKnownFileType = sourcecode.c.h; path = FHIRContactEntity.h; sourceTree = "<group>"; };
		89B78AC2178F2C89004F4C0D /* FHIRContent.h */ = {isa = PBXFileReference; fileEncoding = 4; lastKnownFileType = sourcecode.c.h; path = FHIRContent.h; sourceTree = "<group>"; };
		89B78AC3178F2C89004F4C0D /* FHIRDate.h */ = {isa = PBXFileReference; fileEncoding = 4; lastKnownFileType = sourcecode.c.h; path = FHIRDate.h; sourceTree = "<group>"; };
		89B78AC4178F2C89004F4C0D /* FHIRDispense.h */ = {isa = PBXFileReference; fileEncoding = 4; lastKnownFileType = sourcecode.c.h; path = FHIRDispense.h; sourceTree = "<group>"; };
		89B78AC5178F2C89004F4C0D /* FHIRDosage.h */ = {isa = PBXFileReference; fileEncoding = 4; lastKnownFileType = sourcecode.c.h; path = FHIRDosage.h; sourceTree = "<group>"; };
		89B78AC6178F2C89004F4C0D /* FHIRDosageInstructions.h */ = {isa = PBXFileReference; fileEncoding = 4; lastKnownFileType = sourcecode.c.h; path = FHIRDosageInstructions.h; sourceTree = "<group>"; };
		89B78AC7178F2C89004F4C0D /* FHIRElement.h */ = {isa = PBXFileReference; fileEncoding = 4; lastKnownFileType = sourcecode.c.h; path = FHIRElement.h; sourceTree = "<group>"; };
		89B78AC8178F2C89004F4C0D /* FHIRExistanceChecker.h */ = {isa = PBXFileReference; fileEncoding = 4; lastKnownFileType = sourcecode.c.h; path = FHIRExistanceChecker.h; sourceTree = "<group>"; };
		89B78AC9178F2C89004F4C0D /* FHIRExposure.h */ = {isa = PBXFileReference; fileEncoding = 4; lastKnownFileType = sourcecode.c.h; path = FHIRExposure.h; sourceTree = "<group>"; };
		89B78ACA178F2C89004F4C0D /* FHIRExtension.h */ = {isa = PBXFileReference; fileEncoding = 4; lastKnownFileType = sourcecode.c.h; path = FHIRExtension.h; sourceTree = "<group>"; };
		89B78ACB178F2C89004F4C0D /* FHIRGoal.h */ = {isa = PBXFileReference; fileEncoding = 4; lastKnownFileType = sourcecode.c.h; path = FHIRGoal.h; sourceTree = "<group>"; };
		89B78ACC178F2C89004F4C0D /* FHIRHumanName.h */ = {isa = PBXFileReference; fileEncoding = 4; lastKnownFileType = sourcecode.c.h; path = FHIRHumanName.h; sourceTree = "<group>"; };
		89B78ACD178F2C89004F4C0D /* FHIRIdentifier.h */ = {isa = PBXFileReference; fileEncoding = 4; lastKnownFileType = sourcecode.c.h; path = FHIRIdentifier.h; sourceTree = "<group>"; };
		89B78ACE178F2C8A004F4C0D /* FHIRImage.h */ = {isa = PBXFileReference; fileEncoding = 4; lastKnownFileType = sourcecode.c.h; path = FHIRImage.h; sourceTree = "<group>"; };
		89B78ACF178F2C8A004F4C0D /* FHIRIngredient.h */ = {isa = PBXFileReference; fileEncoding = 4; lastKnownFileType = sourcecode.c.h; path = FHIRIngredient.h; sourceTree = "<group>"; };
		89B78AD0178F2C8A004F4C0D /* FHIRInteger.h */ = {isa = PBXFileReference; fileEncoding = 4; lastKnownFileType = sourcecode.c.h; path = FHIRInteger.h; sourceTree = "<group>"; };
		89B78AD1178F2C8A004F4C0D /* FHIRMedicationPrescriptionDispense.h */ = {isa = PBXFileReference; fileEncoding = 4; lastKnownFileType = sourcecode.c.h; path = FHIRMedicationPrescriptionDispense.h; sourceTree = "<group>"; };
		89B78AD2178F2C8A004F4C0D /* FHIRMedicationPrescriptionSubstitution.h */ = {isa = PBXFileReference; fileEncoding = 4; lastKnownFileType = sourcecode.c.h; path = FHIRMedicationPrescriptionSubstitution.h; sourceTree = "<group>"; };
		89B78AD3178F2C8A004F4C0D /* FHIRNarrative.h */ = {isa = PBXFileReference; fileEncoding = 4; lastKnownFileType = sourcecode.c.h; path = FHIRNarrative.h; sourceTree = "<group>"; };
		89B78AD4178F2C8A004F4C0D /* FHIRNodeType.h */ = {isa = PBXFileReference; fileEncoding = 4; lastKnownFileType = sourcecode.c.h; path = FHIRNodeType.h; sourceTree = "<group>"; };
		89B78AD5178F2C8A004F4C0D /* FHIRPackage.h */ = {isa = PBXFileReference; fileEncoding = 4; lastKnownFileType = sourcecode.c.h; path = FHIRPackage.h; sourceTree = "<group>"; };
		89B78AD6178F2C8A004F4C0D /* FHIRParticipant.h */ = {isa = PBXFileReference; fileEncoding = 4; lastKnownFileType = sourcecode.c.h; path = FHIRParticipant.h; sourceTree = "<group>"; };
		89B78AD7178F2C8A004F4C0D /* FHIRPatientContact.h */ = {isa = PBXFileReference; fileEncoding = 4; lastKnownFileType = sourcecode.c.h; path = FHIRPatientContact.h; sourceTree = "<group>"; };
		89B78AD8178F2C8A004F4C0D /* FHIRPeriod.h */ = {isa = PBXFileReference; fileEncoding = 4; lastKnownFileType = sourcecode.c.h; path = FHIRPeriod.h; sourceTree = "<group>"; };
		89B78AD9178F2C8A004F4C0D /* FHIRProduct.h */ = {isa = PBXFileReference; fileEncoding = 4; lastKnownFileType = sourcecode.c.h; path = FHIRProduct.h; sourceTree = "<group>"; };
		89B78ADA178F2C8A004F4C0D /* FHIRQuantity.h */ = {isa = PBXFileReference; fileEncoding = 4; lastKnownFileType = sourcecode.c.h; path = FHIRQuantity.h; sourceTree = "<group>"; };
		89B78ADB178F2C8A004F4C0D /* FHIRRange.h */ = {isa = PBXFileReference; fileEncoding = 4; lastKnownFileType = sourcecode.c.h; path = FHIRRange.h; sourceTree = "<group>"; };
		89B78ADC178F2C8A004F4C0D /* FHIRRatio.h */ = {isa = PBXFileReference; fileEncoding = 4; lastKnownFileType = sourcecode.c.h; path = FHIRRatio.h; sourceTree = "<group>"; };
		89B78ADD178F2C8A004F4C0D /* FHIRResource.h */ = {isa = PBXFileReference; fileEncoding = 4; lastKnownFileType = sourcecode.c.h; path = FHIRResource.h; sourceTree = "<group>"; };
		89B78ADE178F2C8A004F4C0D /* FHIRResourceContained.h */ = {isa = PBXFileReference; fileEncoding = 4; lastKnownFileType = sourcecode.c.h; path = FHIRResourceContained.h; sourceTree = "<group>"; };
		89B78ADF178F2C8A004F4C0D /* FHIRResourceReference.h */ = {isa = PBXFileReference; fileEncoding = 4; lastKnownFileType = sourcecode.c.h; path = FHIRResourceReference.h; sourceTree = "<group>"; };
		89B78AE0178F2C8A004F4C0D /* FHIRResourceType.h */ = {isa = PBXFileReference; fileEncoding = 4; lastKnownFileType = sourcecode.c.h; path = FHIRResourceType.h; sourceTree = "<group>"; };
		89B78AE1178F2C8A004F4C0D /* FHIRSchedule.h */ = {isa = PBXFileReference; fileEncoding = 4; lastKnownFileType = sourcecode.c.h; path = FHIRSchedule.h; sourceTree = "<group>"; };
		89B78AE2178F2C8A004F4C0D /* FHIRString.h */ = {isa = PBXFileReference; fileEncoding = 4; lastKnownFileType = sourcecode.c.h; path = FHIRString.h; sourceTree = "<group>"; };
		89B78AE3178F2C8A004F4C0D /* FHIRSubscriber.h */ = {isa = PBXFileReference; fileEncoding = 4; lastKnownFileType = sourcecode.c.h; path = FHIRSubscriber.h; sourceTree = "<group>"; };
		89B78AE4178F2C8A004F4C0D /* FHIRSubstitution.h */ = {isa = PBXFileReference; fileEncoding = 4; lastKnownFileType = sourcecode.c.h; path = FHIRSubstitution.h; sourceTree = "<group>"; };
		89B78AE5178F2C8A004F4C0D /* FHIRSymptom.h */ = {isa = PBXFileReference; fileEncoding = 4; lastKnownFileType = sourcecode.c.h; path = FHIRSymptom.h; sourceTree = "<group>"; };
		89B78AE6178F2C8A004F4C0D /* FHIRText.h */ = {isa = PBXFileReference; fileEncoding = 4; lastKnownFileType = sourcecode.c.h; path = FHIRText.h; sourceTree = "<group>"; };
		89B78AE7178F2C8A004F4C0D /* FHIRType.h */ = {isa = PBXFileReference; fileEncoding = 4; lastKnownFileType = sourcecode.c.h; path = FHIRType.h; sourceTree = "<group>"; };
		89B78AE8178F2C8A004F4C0D /* FHIRUri.h */ = {isa = PBXFileReference; fileEncoding = 4; lastKnownFileType = sourcecode.c.h; path = FHIRUri.h; sourceTree = "<group>"; };
		89B78AE9178F2C8A004F4C0D /* XhtmlNode.h */ = {isa = PBXFileReference; fileEncoding = 4; lastKnownFileType = sourcecode.c.h; path = XhtmlNode.h; sourceTree = "<group>"; };
		89B78AEA178F2C8A004F4C0D /* XMLReader.h */ = {isa = PBXFileReference; fileEncoding = 4; lastKnownFileType = sourcecode.c.h; path = XMLReader.h; sourceTree = "<group>"; };
		89B78AEB178F2C8A004F4C0D /* XMLWriter.h */ = {isa = PBXFileReference; fileEncoding = 4; lastKnownFileType = sourcecode.c.h; path = XMLWriter.h; sourceTree = "<group>"; };
		89B78AEC178F2C8A004F4C0D /* libFHIR.a */ = {isa = PBXFileReference; lastKnownFileType = archive.ar; name = libFHIR.a; path = ../fhirapp/fhirapp/libFHIR/libFHIR.a; sourceTree = "<group>"; };
		89B78AEF178F2EAF004F4C0D /* loadScreenViewController.h */ = {isa = PBXFileReference; fileEncoding = 4; lastKnownFileType = sourcecode.c.h; path = loadScreenViewController.h; sourceTree = "<group>"; };
		89B78AF0178F2EAF004F4C0D /* loadScreenViewController.m */ = {isa = PBXFileReference; fileEncoding = 4; lastKnownFileType = sourcecode.c.objc; path = loadScreenViewController.m; sourceTree = "<group>"; };
		89B78AFA178F372C004F4C0D /* background.jpg */ = {isa = PBXFileReference; lastKnownFileType = image.jpeg; name = background.jpg; path = images/background.jpg; sourceTree = "<group>"; };
		89B78B01178F40AE004F4C0D /* fhirlogo.png */ = {isa = PBXFileReference; lastKnownFileType = image.png; name = fhirlogo.png; path = images/fhirlogo.png; sourceTree = "<group>"; };
		89B78B0C178F4466004F4C0D /* FileSearchTableViewController.h */ = {isa = PBXFileReference; fileEncoding = 4; lastKnownFileType = sourcecode.c.h; path = FileSearchTableViewController.h; sourceTree = "<group>"; };
		89B78B0D178F4466004F4C0D /* FileSearchTableViewController.m */ = {isa = PBXFileReference; fileEncoding = 4; lastKnownFileType = sourcecode.c.objc; path = FileSearchTableViewController.m; sourceTree = "<group>"; };
		89E2EE2F17270E260005CC5A /* DetailsEditViewController.h */ = {isa = PBXFileReference; fileEncoding = 4; lastKnownFileType = sourcecode.c.h; path = DetailsEditViewController.h; sourceTree = "<group>"; };
		89E2EE3017270E260005CC5A /* DetailsEditViewController.m */ = {isa = PBXFileReference; fileEncoding = 4; lastKnownFileType = sourcecode.c.objc; path = DetailsEditViewController.m; sourceTree = "<group>"; };
/* End PBXFileReference section */

/* Begin PBXFrameworksBuildPhase section */
		89694710171D99D10072A3CD /* Frameworks */ = {
			isa = PBXFrameworksBuildPhase;
			buildActionMask = 2147483647;
			files = (
				89694718171D99D10072A3CD /* UIKit.framework in Frameworks */,
				8969471A171D99D10072A3CD /* Foundation.framework in Frameworks */,
				8969471C171D99D10072A3CD /* CoreGraphics.framework in Frameworks */,
				89B78AED178F2C8A004F4C0D /* libFHIR.a in Frameworks */,
			);
			runOnlyForDeploymentPostprocessing = 0;
		};
		89694739171D99D10072A3CD /* Frameworks */ = {
			isa = PBXFrameworksBuildPhase;
			buildActionMask = 2147483647;
			files = (
				8969473F171D99D10072A3CD /* SenTestingKit.framework in Frameworks */,
				89694740171D99D10072A3CD /* UIKit.framework in Frameworks */,
				89694741171D99D10072A3CD /* Foundation.framework in Frameworks */,
			);
			runOnlyForDeploymentPostprocessing = 0;
		};
/* End PBXFrameworksBuildPhase section */

/* Begin PBXGroup section */
		8959F4351794836E00AE586D /* Add/Edit */ = {
			isa = PBXGroup;
			children = (
				8959F4321794835600AE586D /* AddPatientViewController.h */,
				8959F4331794835600AE586D /* AddPatientViewController.m */,
			);
			name = Add/Edit;
			sourceTree = "<group>";
		};
		89694708171D99D10072A3CD = {
			isa = PBXGroup;
			children = (
				89B78A47178F2AE5004F4C0D /* FHIRlib */,
				8969471D171D99D10072A3CD /* TestFHIRPatientApp */,
				89694744171D99D10072A3CD /* TestFHIRPatientAppTests */,
				89694716171D99D10072A3CD /* Frameworks */,
				89694714171D99D10072A3CD /* Products */,
			);
			sourceTree = "<group>";
		};
		89694714171D99D10072A3CD /* Products */ = {
			isa = PBXGroup;
			children = (
				89694713171D99D10072A3CD /* TestFHIRPatientApp.app */,
				8969473D171D99D10072A3CD /* TestFHIRPatientAppTests.octest */,
			);
			name = Products;
			sourceTree = "<group>";
		};
		89694716171D99D10072A3CD /* Frameworks */ = {
			isa = PBXGroup;
			children = (
				89694717171D99D10072A3CD /* UIKit.framework */,
				89694719171D99D10072A3CD /* Foundation.framework */,
				8969471B171D99D10072A3CD /* CoreGraphics.framework */,
				8969473E171D99D10072A3CD /* SenTestingKit.framework */,
			);
			name = Frameworks;
			sourceTree = "<group>";
		};
		8969471D171D99D10072A3CD /* TestFHIRPatientApp */ = {
			isa = PBXGroup;
			children = (
				89B78AF3178F30A3004F4C0D /* images */,
				89B78AF2178F2ED4004F4C0D /* Old App */,
				89B78AEE178F2E74004F4C0D /* iPadDemo */,
				8969471E171D99D10072A3CD /* Supporting Files */,
			);
			path = TestFHIRPatientApp;
			sourceTree = "<group>";
		};
		8969471E171D99D10072A3CD /* Supporting Files */ = {
			isa = PBXGroup;
			children = (
				8969471F171D99D10072A3CD /* TestFHIRPatientApp-Info.plist */,
				89694720171D99D10072A3CD /* InfoPlist.strings */,
				89694723171D99D10072A3CD /* main.m */,
				89694725171D99D10072A3CD /* TestFHIRPatientApp-Prefix.pch */,
				89694729171D99D10072A3CD /* Default.png */,
				8969472B171D99D10072A3CD /* Default@2x.png */,
				8969472D171D99D10072A3CD /* Default-568h@2x.png */,
			);
			name = "Supporting Files";
			sourceTree = "<group>";
		};
		89694744171D99D10072A3CD /* TestFHIRPatientAppTests */ = {
			isa = PBXGroup;
			children = (
				8969474A171D99D10072A3CD /* TestFHIRPatientAppTests.h */,
				8969474B171D99D10072A3CD /* TestFHIRPatientAppTests.m */,
				89694745171D99D10072A3CD /* Supporting Files */,
			);
			path = TestFHIRPatientAppTests;
			sourceTree = "<group>";
		};
		89694745171D99D10072A3CD /* Supporting Files */ = {
			isa = PBXGroup;
			children = (
				89694746171D99D10072A3CD /* TestFHIRPatientAppTests-Info.plist */,
				89694747171D99D10072A3CD /* InfoPlist.strings */,
			);
			name = "Supporting Files";
			sourceTree = "<group>";
		};
		89B78A47178F2AE5004F4C0D /* FHIRlib */ = {
			isa = PBXGroup;
			children = (
				89B78A9B178F2C89004F4C0D /* Headers */,
				89B78AAE178F2C89004F4C0D /* include */,
				89B78AEC178F2C8A004F4C0D /* libFHIR.a */,
			);
			name = FHIRlib;
			sourceTree = "<group>";
		};
		89B78A9B178F2C89004F4C0D /* Headers */ = {
			isa = PBXGroup;
			children = (
				89B78A9C178F2C89004F4C0D /* DictToJSON.h */,
				89B78A9D178F2C89004F4C0D /* DictToXML.h */,
				89B78A9E178F2C89004F4C0D /* FHIR.h */,
				89B78A9F178F2C89004F4C0D /* FHIRAdverseReaction.h */,
				89B78AA0178F2C89004F4C0D /* FHIRAlert.h */,
				89B78AA1178F2C89004F4C0D /* FHIRAllergyIntolerance.h */,
				89B78AA2178F2C89004F4C0D /* FHIRCarePlan.h */,
				89B78AA3178F2C89004F4C0D /* FHIRCoverage.h */,
				89B78AA4178F2C89004F4C0D /* FHIRMedication.h */,
				89B78AA5178F2C89004F4C0D /* FHIRMedicationAdministration.h */,
				89B78AA6178F2C89004F4C0D /* FHIRMedicationDispense.h */,
				89B78AA7178F2C89004F4C0D /* FHIRMedicationPrescription.h */,
				89B78AA8178F2C89004F4C0D /* FHIRMedicationStatement.h */,
				89B78AA9178F2C89004F4C0D /* FHIROrganization.h */,
				89B78AAA178F2C89004F4C0D /* FHIRPatient.h */,
				89B78AAB178F2C89004F4C0D /* FHIRResourceDictionary.h */,
				89B78AAC178F2C89004F4C0D /* JSONToDict.h */,
				89B78AAD178F2C89004F4C0D /* XMLToDict.h */,
			);
			name = Headers;
			path = ../fhirapp/fhirapp/libFHIR/Headers;
			sourceTree = "<group>";
		};
		89B78AAE178F2C89004F4C0D /* include */ = {
			isa = PBXGroup;
			children = (
				89B78AAF178F2C89004F4C0D /* private */,
			);
			name = include;
			path = ../fhirapp/fhirapp/libFHIR/include;
			sourceTree = "<group>";
		};
		89B78AAF178F2C89004F4C0D /* private */ = {
			isa = PBXGroup;
			children = (
				89B78AB0178F2C89004F4C0D /* Base64Binary.h */,
				89B78AB1178F2C89004F4C0D /* Base64Decoder.h */,
				89B78AB2178F2C89004F4C0D /* Base64Encoder.h */,
				89B78AB3178F2C89004F4C0D /* FHIR-Prefix.pch */,
				89B78AB4178F2C89004F4C0D /* FHIRAccreditation.h */,
				89B78AB5178F2C89004F4C0D /* FHIRActivity.h */,
				89B78AB6178F2C89004F4C0D /* FHIRAddress.h */,
				89B78AB7178F2C89004F4C0D /* FHIRAnimal.h */,
				89B78AB8178F2C89004F4C0D /* FHIRAttachment.h */,
				89B78AB9178F2C89004F4C0D /* FHIRBool.h */,
				89B78ABA178F2C89004F4C0D /* FHIRChoice.h */,
				89B78ABB178F2C89004F4C0D /* FHIRChoiceOption.h */,
				89B78ABC178F2C89004F4C0D /* FHIRCode.h */,
				89B78ABD178F2C89004F4C0D /* FHIRCodeableConcept.h */,
				89B78ABE178F2C89004F4C0D /* FHIRCoding.h */,
				89B78ABF178F2C89004F4C0D /* FHIRCommunication.h */,
				89B78AC0178F2C89004F4C0D /* FHIRContact.h */,
				89B78AC1178F2C89004F4C0D /* FHIRContactEntity.h */,
				89B78AC2178F2C89004F4C0D /* FHIRContent.h */,
				89B78AC3178F2C89004F4C0D /* FHIRDate.h */,
				89B78AC4178F2C89004F4C0D /* FHIRDispense.h */,
				89B78AC5178F2C89004F4C0D /* FHIRDosage.h */,
				89B78AC6178F2C89004F4C0D /* FHIRDosageInstructions.h */,
				89B78AC7178F2C89004F4C0D /* FHIRElement.h */,
				89B78AC8178F2C89004F4C0D /* FHIRExistanceChecker.h */,
				89B78AC9178F2C89004F4C0D /* FHIRExposure.h */,
				89B78ACA178F2C89004F4C0D /* FHIRExtension.h */,
				89B78ACB178F2C89004F4C0D /* FHIRGoal.h */,
				89B78ACC178F2C89004F4C0D /* FHIRHumanName.h */,
				89B78ACD178F2C89004F4C0D /* FHIRIdentifier.h */,
				89B78ACE178F2C8A004F4C0D /* FHIRImage.h */,
				89B78ACF178F2C8A004F4C0D /* FHIRIngredient.h */,
				89B78AD0178F2C8A004F4C0D /* FHIRInteger.h */,
				89B78AD1178F2C8A004F4C0D /* FHIRMedicationPrescriptionDispense.h */,
				89B78AD2178F2C8A004F4C0D /* FHIRMedicationPrescriptionSubstitution.h */,
				89B78AD3178F2C8A004F4C0D /* FHIRNarrative.h */,
				89B78AD4178F2C8A004F4C0D /* FHIRNodeType.h */,
				89B78AD5178F2C8A004F4C0D /* FHIRPackage.h */,
				89B78AD6178F2C8A004F4C0D /* FHIRParticipant.h */,
				89B78AD7178F2C8A004F4C0D /* FHIRPatientContact.h */,
				89B78AD8178F2C8A004F4C0D /* FHIRPeriod.h */,
				89B78AD9178F2C8A004F4C0D /* FHIRProduct.h */,
				89B78ADA178F2C8A004F4C0D /* FHIRQuantity.h */,
				89B78ADB178F2C8A004F4C0D /* FHIRRange.h */,
				89B78ADC178F2C8A004F4C0D /* FHIRRatio.h */,
				89B78ADD178F2C8A004F4C0D /* FHIRResource.h */,
				89B78ADE178F2C8A004F4C0D /* FHIRResourceContained.h */,
				89B78ADF178F2C8A004F4C0D /* FHIRResourceReference.h */,
				89B78AE0178F2C8A004F4C0D /* FHIRResourceType.h */,
				89B78AE1178F2C8A004F4C0D /* FHIRSchedule.h */,
				89B78AE2178F2C8A004F4C0D /* FHIRString.h */,
				89B78AE3178F2C8A004F4C0D /* FHIRSubscriber.h */,
				89B78AE4178F2C8A004F4C0D /* FHIRSubstitution.h */,
				89B78AE5178F2C8A004F4C0D /* FHIRSymptom.h */,
				89B78AE6178F2C8A004F4C0D /* FHIRText.h */,
				89B78AE7178F2C8A004F4C0D /* FHIRType.h */,
				89B78AE8178F2C8A004F4C0D /* FHIRUri.h */,
				89B78AE9178F2C8A004F4C0D /* XhtmlNode.h */,
				89B78AEA178F2C8A004F4C0D /* XMLReader.h */,
				89B78AEB178F2C8A004F4C0D /* XMLWriter.h */,
			);
			path = private;
			sourceTree = "<group>";
		};
		89B78AEE178F2E74004F4C0D /* iPadDemo */ = {
			isa = PBXGroup;
			children = (
				89694732171D99D10072A3CD /* MainStoryboard_iPad.storyboard */,
				8959F4351794836E00AE586D /* Add/Edit */,
				89B78AEF178F2EAF004F4C0D /* loadScreenViewController.h */,
				89B78AF0178F2EAF004F4C0D /* loadScreenViewController.m */,
				89B78B0C178F4466004F4C0D /* FileSearchTableViewController.h */,
				89B78B0D178F4466004F4C0D /* FileSearchTableViewController.m */,
				8959F42F17942ECA00AE586D /* InitialSearchTableViewController.h */,
				8959F43017942ECA00AE586D /* InitialSearchTableViewController.m */,
			);
			name = iPadDemo;
			sourceTree = "<group>";
		};
		89B78AF2178F2ED4004F4C0D /* Old App */ = {
			isa = PBXGroup;
			children = (
				891F3A8F172593A10091D782 /* PatientViewWriter.h */,
				891F3A90172593A10091D782 /* PatientViewWriter.m */,
				89694726171D99D10072A3CD /* TestAppDelegate.h */,
				89694727171D99D10072A3CD /* TestAppDelegate.m */,
				8969472F171D99D10072A3CD /* MainStoryboard_iPhone.storyboard */,
				89694761171D9B600072A3CD /* PatientLoaderTableViewController.h */,
				89694762171D9B600072A3CD /* PatientLoaderTableViewController.m */,
				89694764171DAE550072A3CD /* PatientViewController.h */,
				89694765171DAE550072A3CD /* PatientViewController.m */,
				89E2EE3217270E2C0005CC5A /* Edit Views */,
			);
			name = "Old App";
			sourceTree = "<group>";
		};
		89B78AF3178F30A3004F4C0D /* images */ = {
			isa = PBXGroup;
			children = (
				89B78B01178F40AE004F4C0D /* fhirlogo.png */,
				89B78AFA178F372C004F4C0D /* background.jpg */,
			);
			name = images;
			sourceTree = "<group>";
		};
		89E2EE3217270E2C0005CC5A /* Edit Views */ = {
			isa = PBXGroup;
			children = (
				891F3A961725C5C70091D782 /* PatientEditViewController.h */,
				891F3A971725C5C70091D782 /* PatientEditViewController.m */,
				89E2EE2F17270E260005CC5A /* DetailsEditViewController.h */,
				89E2EE3017270E260005CC5A /* DetailsEditViewController.m */,
				89403EDE172819E100EDDF8A /* NameListTableViewController.h */,
				89403EDF172819E100EDDF8A /* NameListTableViewController.m */,
			);
			name = "Edit Views";
			sourceTree = "<group>";
		};
/* End PBXGroup section */

/* Begin PBXNativeTarget section */
		89694712171D99D10072A3CD /* TestFHIRPatientApp */ = {
			isa = PBXNativeTarget;
			buildConfigurationList = 8969474F171D99D10072A3CD /* Build configuration list for PBXNativeTarget "TestFHIRPatientApp" */;
			buildPhases = (
				8969470F171D99D10072A3CD /* Sources */,
				89694710171D99D10072A3CD /* Frameworks */,
				89694711171D99D10072A3CD /* Resources */,
			);
			buildRules = (
			);
			dependencies = (
			);
			name = TestFHIRPatientApp;
			productName = TestFHIRPatientApp;
			productReference = 89694713171D99D10072A3CD /* TestFHIRPatientApp.app */;
			productType = "com.apple.product-type.application";
		};
		8969473C171D99D10072A3CD /* TestFHIRPatientAppTests */ = {
			isa = PBXNativeTarget;
			buildConfigurationList = 89694752171D99D10072A3CD /* Build configuration list for PBXNativeTarget "TestFHIRPatientAppTests" */;
			buildPhases = (
				89694738171D99D10072A3CD /* Sources */,
				89694739171D99D10072A3CD /* Frameworks */,
				8969473A171D99D10072A3CD /* Resources */,
				8969473B171D99D10072A3CD /* ShellScript */,
			);
			buildRules = (
			);
			dependencies = (
				89694743171D99D10072A3CD /* PBXTargetDependency */,
			);
			name = TestFHIRPatientAppTests;
			productName = TestFHIRPatientAppTests;
			productReference = 8969473D171D99D10072A3CD /* TestFHIRPatientAppTests.octest */;
			productType = "com.apple.product-type.bundle";
		};
/* End PBXNativeTarget section */

/* Begin PBXProject section */
		8969470A171D99D10072A3CD /* Project object */ = {
			isa = PBXProject;
			attributes = {
				CLASSPREFIX = Test;
				LastUpgradeCheck = 0450;
				ORGANIZATIONNAME = "Adam Sippel";
			};
			buildConfigurationList = 8969470D171D99D10072A3CD /* Build configuration list for PBXProject "TestFHIRPatientApp" */;
			compatibilityVersion = "Xcode 3.2";
			developmentRegion = English;
			hasScannedForEncodings = 0;
			knownRegions = (
				en,
			);
			mainGroup = 89694708171D99D10072A3CD;
			productRefGroup = 89694714171D99D10072A3CD /* Products */;
			projectDirPath = "";
			projectRoot = "";
			targets = (
				89694712171D99D10072A3CD /* TestFHIRPatientApp */,
				8969473C171D99D10072A3CD /* TestFHIRPatientAppTests */,
			);
		};
/* End PBXProject section */

/* Begin PBXResourcesBuildPhase section */
		89694711171D99D10072A3CD /* Resources */ = {
			isa = PBXResourcesBuildPhase;
			buildActionMask = 2147483647;
			files = (
				89694722171D99D10072A3CD /* InfoPlist.strings in Resources */,
				8969472A171D99D10072A3CD /* Default.png in Resources */,
				8969472C171D99D10072A3CD /* Default@2x.png in Resources */,
				8969472E171D99D10072A3CD /* Default-568h@2x.png in Resources */,
				89694731171D99D10072A3CD /* MainStoryboard_iPhone.storyboard in Resources */,
				89694734171D99D10072A3CD /* MainStoryboard_iPad.storyboard in Resources */,
				89B78AFB178F372C004F4C0D /* background.jpg in Resources */,
				89B78B02178F40AE004F4C0D /* fhirlogo.png in Resources */,
			);
			runOnlyForDeploymentPostprocessing = 0;
		};
		8969473A171D99D10072A3CD /* Resources */ = {
			isa = PBXResourcesBuildPhase;
			buildActionMask = 2147483647;
			files = (
				89694749171D99D10072A3CD /* InfoPlist.strings in Resources */,
			);
			runOnlyForDeploymentPostprocessing = 0;
		};
/* End PBXResourcesBuildPhase section */

/* Begin PBXShellScriptBuildPhase section */
		8969473B171D99D10072A3CD /* ShellScript */ = {
			isa = PBXShellScriptBuildPhase;
			buildActionMask = 2147483647;
			files = (
			);
			inputPaths = (
			);
			outputPaths = (
			);
			runOnlyForDeploymentPostprocessing = 0;
			shellPath = /bin/sh;
			shellScript = "# Run the unit tests in this test bundle.\n\"${SYSTEM_DEVELOPER_DIR}/Tools/RunUnitTests\"\n";
		};
/* End PBXShellScriptBuildPhase section */

/* Begin PBXSourcesBuildPhase section */
		8969470F171D99D10072A3CD /* Sources */ = {
			isa = PBXSourcesBuildPhase;
			buildActionMask = 2147483647;
			files = (
				89694724171D99D10072A3CD /* main.m in Sources */,
				89694728171D99D10072A3CD /* TestAppDelegate.m in Sources */,
				89694763171D9B600072A3CD /* PatientLoaderTableViewController.m in Sources */,
				89694766171DAE550072A3CD /* PatientViewController.m in Sources */,
				891F3A91172593A10091D782 /* PatientViewWriter.m in Sources */,
				891F3A981725C5C70091D782 /* PatientEditViewController.m in Sources */,
				89E2EE3117270E260005CC5A /* DetailsEditViewController.m in Sources */,
				89403EE0172819E100EDDF8A /* NameListTableViewController.m in Sources */,
				89B78AF1178F2EAF004F4C0D /* loadScreenViewController.m in Sources */,
				89B78B0E178F4466004F4C0D /* FileSearchTableViewController.m in Sources */,
				8959F43117942ECA00AE586D /* InitialSearchTableViewController.m in Sources */,
				8959F4341794835600AE586D /* AddPatientViewController.m in Sources */,
			);
			runOnlyForDeploymentPostprocessing = 0;
		};
		89694738171D99D10072A3CD /* Sources */ = {
			isa = PBXSourcesBuildPhase;
			buildActionMask = 2147483647;
			files = (
				8969474C171D99D10072A3CD /* TestFHIRPatientAppTests.m in Sources */,
			);
			runOnlyForDeploymentPostprocessing = 0;
		};
/* End PBXSourcesBuildPhase section */

/* Begin PBXTargetDependency section */
		89694743171D99D10072A3CD /* PBXTargetDependency */ = {
			isa = PBXTargetDependency;
			target = 89694712171D99D10072A3CD /* TestFHIRPatientApp */;
			targetProxy = 89694742171D99D10072A3CD /* PBXContainerItemProxy */;
		};
/* End PBXTargetDependency section */

/* Begin PBXVariantGroup section */
		89694720171D99D10072A3CD /* InfoPlist.strings */ = {
			isa = PBXVariantGroup;
			children = (
				89694721171D99D10072A3CD /* en */,
			);
			name = InfoPlist.strings;
			sourceTree = "<group>";
		};
		8969472F171D99D10072A3CD /* MainStoryboard_iPhone.storyboard */ = {
			isa = PBXVariantGroup;
			children = (
				89694730171D99D10072A3CD /* en */,
			);
			name = MainStoryboard_iPhone.storyboard;
			sourceTree = "<group>";
		};
		89694732171D99D10072A3CD /* MainStoryboard_iPad.storyboard */ = {
			isa = PBXVariantGroup;
			children = (
				89694733171D99D10072A3CD /* en */,
			);
			name = MainStoryboard_iPad.storyboard;
			sourceTree = "<group>";
		};
		89694747171D99D10072A3CD /* InfoPlist.strings */ = {
			isa = PBXVariantGroup;
			children = (
				89694748171D99D10072A3CD /* en */,
			);
			name = InfoPlist.strings;
			sourceTree = "<group>";
		};
/* End PBXVariantGroup section */

/* Begin XCBuildConfiguration section */
		8969474D171D99D10072A3CD /* Debug */ = {
			isa = XCBuildConfiguration;
			buildSettings = {
				ALWAYS_SEARCH_USER_PATHS = NO;
				CLANG_CXX_LANGUAGE_STANDARD = "gnu++0x";
				CLANG_CXX_LIBRARY = "libc++";
				CLANG_ENABLE_OBJC_ARC = YES;
				CLANG_WARN_EMPTY_BODY = YES;
				CLANG_WARN__DUPLICATE_METHOD_MATCH = YES;
				"CODE_SIGN_IDENTITY[sdk=iphoneos*]" = "iPhone Developer";
				COPY_PHASE_STRIP = NO;
				GCC_C_LANGUAGE_STANDARD = gnu99;
				GCC_DYNAMIC_NO_PIC = NO;
				GCC_OPTIMIZATION_LEVEL = 0;
				GCC_PREPROCESSOR_DEFINITIONS = (
					"DEBUG=1",
					"$(inherited)",
				);
				GCC_SYMBOLS_PRIVATE_EXTERN = NO;
				GCC_WARN_ABOUT_RETURN_TYPE = YES;
				GCC_WARN_UNINITIALIZED_AUTOS = YES;
				GCC_WARN_UNUSED_VARIABLE = YES;
				IPHONEOS_DEPLOYMENT_TARGET = 6.0;
				ONLY_ACTIVE_ARCH = YES;
				SDKROOT = iphoneos;
				TARGETED_DEVICE_FAMILY = "1,2";
			};
			name = Debug;
		};
		8969474E171D99D10072A3CD /* Release */ = {
			isa = XCBuildConfiguration;
			buildSettings = {
				ALWAYS_SEARCH_USER_PATHS = NO;
				CLANG_CXX_LANGUAGE_STANDARD = "gnu++0x";
				CLANG_CXX_LIBRARY = "libc++";
				CLANG_ENABLE_OBJC_ARC = YES;
				CLANG_WARN_EMPTY_BODY = YES;
				CLANG_WARN__DUPLICATE_METHOD_MATCH = YES;
				"CODE_SIGN_IDENTITY[sdk=iphoneos*]" = "iPhone Developer";
				COPY_PHASE_STRIP = YES;
				GCC_C_LANGUAGE_STANDARD = gnu99;
				GCC_WARN_ABOUT_RETURN_TYPE = YES;
				GCC_WARN_UNINITIALIZED_AUTOS = YES;
				GCC_WARN_UNUSED_VARIABLE = YES;
				IPHONEOS_DEPLOYMENT_TARGET = 6.0;
				OTHER_CFLAGS = "-DNS_BLOCK_ASSERTIONS=1";
				SDKROOT = iphoneos;
				TARGETED_DEVICE_FAMILY = "1,2";
				VALIDATE_PRODUCT = YES;
			};
			name = Release;
		};
		89694750171D99D10072A3CD /* Debug */ = {
			isa = XCBuildConfiguration;
			buildSettings = {
				GCC_PRECOMPILE_PREFIX_HEADER = YES;
				GCC_PREFIX_HEADER = "TestFHIRPatientApp/TestFHIRPatientApp-Prefix.pch";
				INFOPLIST_FILE = "TestFHIRPatientApp/TestFHIRPatientApp-Info.plist";
				IPHONEOS_DEPLOYMENT_TARGET = 6.0;
				LIBRARY_SEARCH_PATHS = (
					"$(inherited)",
					"\"$(SRCROOT)/../../Desktop\"",
					"\"$(SRCROOT)\"",
					"\"$(SRCROOT)/libFHIR\"",
					"\"$(SRCROOT)/../fhirapp/fhirapp/libFHIR\"",
				);
				OTHER_LDFLAGS = "-ObjC";
				PRODUCT_NAME = "$(TARGET_NAME)";
				VALID_ARCHS = "armv6 armv7 i386";
				WRAPPER_EXTENSION = app;
			};
			name = Debug;
		};
		89694751171D99D10072A3CD /* Release */ = {
			isa = XCBuildConfiguration;
			buildSettings = {
				GCC_PRECOMPILE_PREFIX_HEADER = YES;
				GCC_PREFIX_HEADER = "TestFHIRPatientApp/TestFHIRPatientApp-Prefix.pch";
				INFOPLIST_FILE = "TestFHIRPatientApp/TestFHIRPatientApp-Info.plist";
				IPHONEOS_DEPLOYMENT_TARGET = 6.0;
				LIBRARY_SEARCH_PATHS = (
					"$(inherited)",
					"\"$(SRCROOT)/../../Desktop\"",
					"\"$(SRCROOT)\"",
					"\"$(SRCROOT)/libFHIR\"",
					"\"$(SRCROOT)/../fhirapp/fhirapp/libFHIR\"",
				);
				OTHER_LDFLAGS = "-ObjC";
				PRODUCT_NAME = "$(TARGET_NAME)";
				VALID_ARCHS = "armv6 armv7 i386";
				WRAPPER_EXTENSION = app;
			};
			name = Release;
		};
		89694753171D99D10072A3CD /* Debug */ = {
			isa = XCBuildConfiguration;
			buildSettings = {
				BUNDLE_LOADER = "$(BUILT_PRODUCTS_DIR)/TestFHIRPatientApp.app/TestFHIRPatientApp";
				FRAMEWORK_SEARCH_PATHS = (
					"\"$(SDKROOT)/Developer/Library/Frameworks\"",
					"\"$(DEVELOPER_LIBRARY_DIR)/Frameworks\"",
				);
				GCC_PRECOMPILE_PREFIX_HEADER = YES;
				GCC_PREFIX_HEADER = "TestFHIRPatientApp/TestFHIRPatientApp-Prefix.pch";
				INFOPLIST_FILE = "TestFHIRPatientAppTests/TestFHIRPatientAppTests-Info.plist";
				PRODUCT_NAME = "$(TARGET_NAME)";
				TEST_HOST = "$(BUNDLE_LOADER)";
				WRAPPER_EXTENSION = octest;
			};
			name = Debug;
		};
		89694754171D99D10072A3CD /* Release */ = {
			isa = XCBuildConfiguration;
			buildSettings = {
				BUNDLE_LOADER = "$(BUILT_PRODUCTS_DIR)/TestFHIRPatientApp.app/TestFHIRPatientApp";
				FRAMEWORK_SEARCH_PATHS = (
					"\"$(SDKROOT)/Developer/Library/Frameworks\"",
					"\"$(DEVELOPER_LIBRARY_DIR)/Frameworks\"",
				);
				GCC_PRECOMPILE_PREFIX_HEADER = YES;
				GCC_PREFIX_HEADER = "TestFHIRPatientApp/TestFHIRPatientApp-Prefix.pch";
				INFOPLIST_FILE = "TestFHIRPatientAppTests/TestFHIRPatientAppTests-Info.plist";
				PRODUCT_NAME = "$(TARGET_NAME)";
				TEST_HOST = "$(BUNDLE_LOADER)";
				WRAPPER_EXTENSION = octest;
			};
			name = Release;
		};
/* End XCBuildConfiguration section */

/* Begin XCConfigurationList section */
		8969470D171D99D10072A3CD /* Build configuration list for PBXProject "TestFHIRPatientApp" */ = {
			isa = XCConfigurationList;
			buildConfigurations = (
				8969474D171D99D10072A3CD /* Debug */,
				8969474E171D99D10072A3CD /* Release */,
			);
			defaultConfigurationIsVisible = 0;
			defaultConfigurationName = Release;
		};
		8969474F171D99D10072A3CD /* Build configuration list for PBXNativeTarget "TestFHIRPatientApp" */ = {
			isa = XCConfigurationList;
			buildConfigurations = (
				89694750171D99D10072A3CD /* Debug */,
				89694751171D99D10072A3CD /* Release */,
			);
			defaultConfigurationIsVisible = 0;
			defaultConfigurationName = Release;
		};
		89694752171D99D10072A3CD /* Build configuration list for PBXNativeTarget "TestFHIRPatientAppTests" */ = {
			isa = XCConfigurationList;
			buildConfigurations = (
				89694753171D99D10072A3CD /* Debug */,
				89694754171D99D10072A3CD /* Release */,
			);
			defaultConfigurationIsVisible = 0;
			defaultConfigurationName = Release;
		};
/* End XCConfigurationList section */
	};
	rootObject = 8969470A171D99D10072A3CD /* Project object */;
}
